
Microsoft Visual Studio Solution File, Format Version 12.00
# Visual Studio Version 17
VisualStudioVersion = 17.1.32319.34
MinimumVisualStudioVersion = 10.0.40219.1
Project("{8BC9CEB8-8B4A-11D0-8D11-00A0C91BC942}") = "DynamicArrays", "DynamicArrays\DynamicArrays.vcxproj", "{467F76E6-B578-42C8-9AFA-720869E1149B}"
EndProject
Global
	GlobalSection(SolutionConfigurationPlatforms) = preSolution
		Debug|x64 = Debug|x64
		Debug|x86 = Debug|x86
		Release|x64 = Release|x64
		Release|x86 = Release|x86
	EndGlobalSection
	GlobalSection(ProjectConfigurationPlatforms) = postSolution
		{467F76E6-B578-42C8-9AFA-720869E1149B}.Debug|x64.ActiveCfg = Debug|x64
		{467F76E6-B578-42C8-9AFA-720869E1149B}.Debug|x64.Build.0 = Debug|x64
		{467F76E6-B578-42C8-9AFA-720869E1149B}.Debug|x86.ActiveCfg = Debug|Win32
		{467F76E6-B578-42C8-9AFA-720869E1149B}.Debug|x86.Build.0 = Debug|Win32
		{467F76E6-B578-42C8-9AFA-720869E1149B}.Release|x64.ActiveCfg = Release|x64
		{467F76E6-B578-42C8-9AFA-720869E1149B}.Release|x64.Build.0 = Release|x64
		{467F76E6-B578-42C8-9AFA-720869E1149B}.Release|x86.ActiveCfg = Release|Win32
		{467F76E6-B578-42C8-9AFA-720869E1149B}.Release|x86.Build.0 = Release|Win32
	EndGlobalSection
	GlobalSection(SolutionProperties) = preSolution
		HideSolutionNode = FALSE
	EndGlobalSection
	GlobalSection(ExtensibilityGlobals) = postSolution
		SolutionGuid = {5F3276A7-7E1A-47B3-9748-0D3E0B38FDF6}
	EndGlobalSection
EndGlobal
