
Microsoft Visual Studio Solution File, Format Version 12.00
Project("{FAE04EC0-301F-11D3-BF4B-00C04F79EFBC}") = "LoaderExample", "LoaderExample\LoaderExample.csproj", "{DD26BD01-1830-4775-BA04-6905C324F935}"
EndProject
Global
	GlobalSection(SolutionConfigurationPlatforms) = preSolution
		Debug|Any CPU = Debug|Any CPU
		Release|Any CPU = Release|Any CPU
	EndGlobalSection
	GlobalSection(ProjectConfigurationPlatforms) = postSolution
		{DD26BD01-1830-4775-BA04-6905C324F935}.Debug|Any CPU.ActiveCfg = Debug|Any CPU
		{DD26BD01-1830-4775-BA04-6905C324F935}.Debug|Any CPU.Build.0 = Debug|Any CPU
		{DD26BD01-1830-4775-BA04-6905C324F935}.Release|Any CPU.ActiveCfg = Release|Any CPU
		{DD26BD01-1830-4775-BA04-6905C324F935}.Release|Any CPU.Build.0 = Release|Any CPU
	EndGlobalSection
EndGlobal
