
Microsoft Visual Studio Solution File, Format Version 12.00
Project("{FAE04EC0-301F-11D3-BF4B-00C04F79EFBC}") = "Observer", "Observer\Observer.csproj", "{333BCF2F-76C8-4E8D-8EA3-A8C250E96370}"
EndProject
Global
	GlobalSection(SolutionConfigurationPlatforms) = preSolution
		Debug|Any CPU = Debug|Any CPU
		Release|Any CPU = Release|Any CPU
	EndGlobalSection
	GlobalSection(ProjectConfigurationPlatforms) = postSolution
		{333BCF2F-76C8-4E8D-8EA3-A8C250E96370}.Debug|Any CPU.ActiveCfg = Debug|Any CPU
		{333BCF2F-76C8-4E8D-8EA3-A8C250E96370}.Debug|Any CPU.Build.0 = Debug|Any CPU
		{333BCF2F-76C8-4E8D-8EA3-A8C250E96370}.Release|Any CPU.ActiveCfg = Release|Any CPU
		{333BCF2F-76C8-4E8D-8EA3-A8C250E96370}.Release|Any CPU.Build.0 = Release|Any CPU
	EndGlobalSection
EndGlobal
