
Microsoft Visual Studio Solution File, Format Version 12.00
# Visual Studio Version 17
VisualStudioVersion = 17.4.32804.182
MinimumVisualStudioVersion = 10.0.40219.1
Project("{8BC9CEB8-8B4A-11D0-8D11-00A0C91BC942}") = "Polymorphism", "Polymorphism\Polymorphism.vcxproj", "{EA3041C5-B507-4267-8512-7EFB6E728CA4}"
EndProject
Project("{8BC9CEB8-8B4A-11D0-8D11-00A0C91BC942}") = "Repeat", "Repeat\Repeat.vcxproj", "{D4D1B2D0-C7FE-443B-9034-7FA24A7EE123}"
EndProject
Global
	GlobalSection(SolutionConfigurationPlatforms) = preSolution
		Debug|x64 = Debug|x64
		Debug|x86 = Debug|x86
		Release|x64 = Release|x64
		Release|x86 = Release|x86
	EndGlobalSection
	GlobalSection(ProjectConfigurationPlatforms) = postSolution
		{EA3041C5-B507-4267-8512-7EFB6E728CA4}.Debug|x64.ActiveCfg = Debug|x64
		{EA3041C5-B507-4267-8512-7EFB6E728CA4}.Debug|x64.Build.0 = Debug|x64
		{EA3041C5-B507-4267-8512-7EFB6E728CA4}.Debug|x86.ActiveCfg = Debug|Win32
		{EA3041C5-B507-4267-8512-7EFB6E728CA4}.Debug|x86.Build.0 = Debug|Win32
		{EA3041C5-B507-4267-8512-7EFB6E728CA4}.Release|x64.ActiveCfg = Release|x64
		{EA3041C5-B507-4267-8512-7EFB6E728CA4}.Release|x64.Build.0 = Release|x64
		{EA3041C5-B507-4267-8512-7EFB6E728CA4}.Release|x86.ActiveCfg = Release|Win32
		{EA3041C5-B507-4267-8512-7EFB6E728CA4}.Release|x86.Build.0 = Release|Win32
		{D4D1B2D0-C7FE-443B-9034-7FA24A7EE123}.Debug|x64.ActiveCfg = Debug|x64
		{D4D1B2D0-C7FE-443B-9034-7FA24A7EE123}.Debug|x64.Build.0 = Debug|x64
		{D4D1B2D0-C7FE-443B-9034-7FA24A7EE123}.Debug|x86.ActiveCfg = Debug|Win32
		{D4D1B2D0-C7FE-443B-9034-7FA24A7EE123}.Debug|x86.Build.0 = Debug|Win32
		{D4D1B2D0-C7FE-443B-9034-7FA24A7EE123}.Release|x64.ActiveCfg = Release|x64
		{D4D1B2D0-C7FE-443B-9034-7FA24A7EE123}.Release|x64.Build.0 = Release|x64
		{D4D1B2D0-C7FE-443B-9034-7FA24A7EE123}.Release|x86.ActiveCfg = Release|Win32
		{D4D1B2D0-C7FE-443B-9034-7FA24A7EE123}.Release|x86.Build.0 = Release|Win32
	EndGlobalSection
	GlobalSection(SolutionProperties) = preSolution
		HideSolutionNode = FALSE
	EndGlobalSection
	GlobalSection(ExtensibilityGlobals) = postSolution
		SolutionGuid = {597C5E35-5709-46D6-87F4-C5C93FAB5FFE}
	EndGlobalSection
EndGlobal
