
Microsoft Visual Studio Solution File, Format Version 12.00
# Visual Studio Version 17
VisualStudioVersion = 17.4.33020.496
MinimumVisualStudioVersion = 10.0.40219.1
Project("{FAE04EC0-301F-11D3-BF4B-00C04F79EFBC}") = "WpfApp3", "WpfApp3\WpfApp3.csproj", "{0BC204A4-38DF-4F3C-AC20-9F21AB9AD573}"
EndProject
Global
	GlobalSection(SolutionConfigurationPlatforms) = preSolution
		Debug|Any CPU = Debug|Any CPU
		Release|Any CPU = Release|Any CPU
	EndGlobalSection
	GlobalSection(ProjectConfigurationPlatforms) = postSolution
		{0BC204A4-38DF-4F3C-AC20-9F21AB9AD573}.Debug|Any CPU.ActiveCfg = Debug|Any CPU
		{0BC204A4-38DF-4F3C-AC20-9F21AB9AD573}.Debug|Any CPU.Build.0 = Debug|Any CPU
		{0BC204A4-38DF-4F3C-AC20-9F21AB9AD573}.Release|Any CPU.ActiveCfg = Release|Any CPU
		{0BC204A4-38DF-4F3C-AC20-9F21AB9AD573}.Release|Any CPU.Build.0 = Release|Any CPU
	EndGlobalSection
	GlobalSection(SolutionProperties) = preSolution
		HideSolutionNode = FALSE
	EndGlobalSection
	GlobalSection(ExtensibilityGlobals) = postSolution
		SolutionGuid = {3400A560-3525-44BD-ADA6-4D779685999C}
	EndGlobalSection
EndGlobal
