
Microsoft Visual Studio Solution File, Format Version 12.00
Project("{FAE04EC0-301F-11D3-BF4B-00C04F79EFBC}") = "ConsoleApp2", "ConsoleApp2\ConsoleApp2.csproj", "{4EBA4D09-0233-4398-B217-9E335AC37801}"
EndProject
Global
	GlobalSection(SolutionConfigurationPlatforms) = preSolution
		Debug|Any CPU = Debug|Any CPU
		Release|Any CPU = Release|Any CPU
	EndGlobalSection
	GlobalSection(ProjectConfigurationPlatforms) = postSolution
		{4EBA4D09-0233-4398-B217-9E335AC37801}.Debug|Any CPU.ActiveCfg = Debug|Any CPU
		{4EBA4D09-0233-4398-B217-9E335AC37801}.Debug|Any CPU.Build.0 = Debug|Any CPU
		{4EBA4D09-0233-4398-B217-9E335AC37801}.Release|Any CPU.ActiveCfg = Release|Any CPU
		{4EBA4D09-0233-4398-B217-9E335AC37801}.Release|Any CPU.Build.0 = Release|Any CPU
	EndGlobalSection
EndGlobal
