
Microsoft Visual Studio Solution File, Format Version 12.00
Project("{FAE04EC0-301F-11D3-BF4B-00C04F79EFBC}") = "UML1", "UML1\UML1.csproj", "{D6E687CE-C7D6-496C-8F95-AB41FC27C09A}"
EndProject
Global
	GlobalSection(SolutionConfigurationPlatforms) = preSolution
		Debug|Any CPU = Debug|Any CPU
		Release|Any CPU = Release|Any CPU
	EndGlobalSection
	GlobalSection(ProjectConfigurationPlatforms) = postSolution
		{D6E687CE-C7D6-496C-8F95-AB41FC27C09A}.Debug|Any CPU.ActiveCfg = Debug|Any CPU
		{D6E687CE-C7D6-496C-8F95-AB41FC27C09A}.Debug|Any CPU.Build.0 = Debug|Any CPU
		{D6E687CE-C7D6-496C-8F95-AB41FC27C09A}.Release|Any CPU.ActiveCfg = Release|Any CPU
		{D6E687CE-C7D6-496C-8F95-AB41FC27C09A}.Release|Any CPU.Build.0 = Release|Any CPU
	EndGlobalSection
EndGlobal
