
Microsoft Visual Studio Solution File, Format Version 12.00
# Visual Studio Version 17
VisualStudioVersion = 17.4.33020.496
MinimumVisualStudioVersion = 10.0.40219.1
Project("{FAE04EC0-301F-11D3-BF4B-00C04F79EFBC}") = "Lesson2", "Lesson2\Lesson2.csproj", "{53EAA13B-F46D-4EEC-AC28-A28CEAFE367F}"
EndProject
Global
	GlobalSection(SolutionConfigurationPlatforms) = preSolution
		Debug|Any CPU = Debug|Any CPU
		Release|Any CPU = Release|Any CPU
	EndGlobalSection
	GlobalSection(ProjectConfigurationPlatforms) = postSolution
		{53EAA13B-F46D-4EEC-AC28-A28CEAFE367F}.Debug|Any CPU.ActiveCfg = Debug|Any CPU
		{53EAA13B-F46D-4EEC-AC28-A28CEAFE367F}.Debug|Any CPU.Build.0 = Debug|Any CPU
		{53EAA13B-F46D-4EEC-AC28-A28CEAFE367F}.Release|Any CPU.ActiveCfg = Release|Any CPU
		{53EAA13B-F46D-4EEC-AC28-A28CEAFE367F}.Release|Any CPU.Build.0 = Release|Any CPU
	EndGlobalSection
	GlobalSection(SolutionProperties) = preSolution
		HideSolutionNode = FALSE
	EndGlobalSection
	GlobalSection(ExtensibilityGlobals) = postSolution
		SolutionGuid = {DAD8E293-3155-45E9-B8ED-BA05C3DADE28}
	EndGlobalSection
EndGlobal
