
Microsoft Visual Studio Solution File, Format Version 12.00
Project("{FAE04EC0-301F-11D3-BF4B-00C04F79EFBC}") = "Sender", "Sender\Sender.csproj", "{3AD6577F-A44D-4EBC-909B-D7FFEA871113}"
EndProject
Project("{FAE04EC0-301F-11D3-BF4B-00C04F79EFBC}") = "Receiver", "Receiver\Receiver.csproj", "{330D1686-CD31-45B6-B4C1-0670D7AC9AD3}"
EndProject
Global
	GlobalSection(SolutionConfigurationPlatforms) = preSolution
		Debug|Any CPU = Debug|Any CPU
		Release|Any CPU = Release|Any CPU
	EndGlobalSection
	GlobalSection(ProjectConfigurationPlatforms) = postSolution
		{3AD6577F-A44D-4EBC-909B-D7FFEA871113}.Debug|Any CPU.ActiveCfg = Debug|Any CPU
		{3AD6577F-A44D-4EBC-909B-D7FFEA871113}.Debug|Any CPU.Build.0 = Debug|Any CPU
		{3AD6577F-A44D-4EBC-909B-D7FFEA871113}.Release|Any CPU.ActiveCfg = Release|Any CPU
		{3AD6577F-A44D-4EBC-909B-D7FFEA871113}.Release|Any CPU.Build.0 = Release|Any CPU
		{330D1686-CD31-45B6-B4C1-0670D7AC9AD3}.Debug|Any CPU.ActiveCfg = Debug|Any CPU
		{330D1686-CD31-45B6-B4C1-0670D7AC9AD3}.Debug|Any CPU.Build.0 = Debug|Any CPU
		{330D1686-CD31-45B6-B4C1-0670D7AC9AD3}.Release|Any CPU.ActiveCfg = Release|Any CPU
		{330D1686-CD31-45B6-B4C1-0670D7AC9AD3}.Release|Any CPU.Build.0 = Release|Any CPU
	EndGlobalSection
EndGlobal
