
Microsoft Visual Studio Solution File, Format Version 12.00
# Visual Studio Version 17
VisualStudioVersion = 17.0.31903.59
MinimumVisualStudioVersion = 10.0.40219.1
Project("{FAE04EC0-301F-11D3-BF4B-00C04F79EFBC}") = "WebApp1221", "WebApp1221\WebApp1221.csproj", "{F09E40B6-8CFD-46C4-9D05-20C3391A99AB}"
EndProject
Global
	GlobalSection(SolutionConfigurationPlatforms) = preSolution
		Debug|Any CPU = Debug|Any CPU
		Release|Any CPU = Release|Any CPU
	EndGlobalSection
	GlobalSection(SolutionProperties) = preSolution
		HideSolutionNode = FALSE
	EndGlobalSection
	GlobalSection(ProjectConfigurationPlatforms) = postSolution
		{F09E40B6-8CFD-46C4-9D05-20C3391A99AB}.Debug|Any CPU.ActiveCfg = Debug|Any CPU
		{F09E40B6-8CFD-46C4-9D05-20C3391A99AB}.Debug|Any CPU.Build.0 = Debug|Any CPU
		{F09E40B6-8CFD-46C4-9D05-20C3391A99AB}.Release|Any CPU.ActiveCfg = Release|Any CPU
		{F09E40B6-8CFD-46C4-9D05-20C3391A99AB}.Release|Any CPU.Build.0 = Release|Any CPU
	EndGlobalSection
EndGlobal
