
Microsoft Visual Studio Solution File, Format Version 12.00
# Visual Studio Version 17
VisualStudioVersion = 17.1.32319.34
MinimumVisualStudioVersion = 10.0.40219.1
Project("{8BC9CEB8-8B4A-11D0-8D11-00A0C91BC942}") = "Lesson1", "Lesson1\Lesson1.vcxproj", "{DA369812-44AD-4A31-B8F4-9074202E1058}"
EndProject
Project("{8BC9CEB8-8B4A-11D0-8D11-00A0C91BC942}") = "Lesson2", "Lesson2\Lesson2.vcxproj", "{34C0EBE5-07E7-407B-A088-7212345F0510}"
EndProject
Project("{8BC9CEB8-8B4A-11D0-8D11-00A0C91BC942}") = "Lesson3", "Lesson3\Lesson3.vcxproj", "{73D16C0D-C8DE-4830-A2B1-C90375D24BCD}"
EndProject
Project("{8BC9CEB8-8B4A-11D0-8D11-00A0C91BC942}") = "Lesson4", "Lesson4\Lesson4.vcxproj", "{F62B5F9E-C641-4C57-B102-B8AD5F2BA92A}"
EndProject
Global
	GlobalSection(SolutionConfigurationPlatforms) = preSolution
		Debug|x64 = Debug|x64
		Debug|x86 = Debug|x86
		Release|x64 = Release|x64
		Release|x86 = Release|x86
	EndGlobalSection
	GlobalSection(ProjectConfigurationPlatforms) = postSolution
		{DA369812-44AD-4A31-B8F4-9074202E1058}.Debug|x64.ActiveCfg = Debug|x64
		{DA369812-44AD-4A31-B8F4-9074202E1058}.Debug|x64.Build.0 = Debug|x64
		{DA369812-44AD-4A31-B8F4-9074202E1058}.Debug|x86.ActiveCfg = Debug|Win32
		{DA369812-44AD-4A31-B8F4-9074202E1058}.Debug|x86.Build.0 = Debug|Win32
		{DA369812-44AD-4A31-B8F4-9074202E1058}.Release|x64.ActiveCfg = Release|x64
		{DA369812-44AD-4A31-B8F4-9074202E1058}.Release|x64.Build.0 = Release|x64
		{DA369812-44AD-4A31-B8F4-9074202E1058}.Release|x86.ActiveCfg = Release|Win32
		{DA369812-44AD-4A31-B8F4-9074202E1058}.Release|x86.Build.0 = Release|Win32
		{34C0EBE5-07E7-407B-A088-7212345F0510}.Debug|x64.ActiveCfg = Debug|x64
		{34C0EBE5-07E7-407B-A088-7212345F0510}.Debug|x64.Build.0 = Debug|x64
		{34C0EBE5-07E7-407B-A088-7212345F0510}.Debug|x86.ActiveCfg = Debug|Win32
		{34C0EBE5-07E7-407B-A088-7212345F0510}.Debug|x86.Build.0 = Debug|Win32
		{34C0EBE5-07E7-407B-A088-7212345F0510}.Release|x64.ActiveCfg = Release|x64
		{34C0EBE5-07E7-407B-A088-7212345F0510}.Release|x64.Build.0 = Release|x64
		{34C0EBE5-07E7-407B-A088-7212345F0510}.Release|x86.ActiveCfg = Release|Win32
		{34C0EBE5-07E7-407B-A088-7212345F0510}.Release|x86.Build.0 = Release|Win32
		{73D16C0D-C8DE-4830-A2B1-C90375D24BCD}.Debug|x64.ActiveCfg = Debug|x64
		{73D16C0D-C8DE-4830-A2B1-C90375D24BCD}.Debug|x64.Build.0 = Debug|x64
		{73D16C0D-C8DE-4830-A2B1-C90375D24BCD}.Debug|x86.ActiveCfg = Debug|Win32
		{73D16C0D-C8DE-4830-A2B1-C90375D24BCD}.Debug|x86.Build.0 = Debug|Win32
		{73D16C0D-C8DE-4830-A2B1-C90375D24BCD}.Release|x64.ActiveCfg = Release|x64
		{73D16C0D-C8DE-4830-A2B1-C90375D24BCD}.Release|x64.Build.0 = Release|x64
		{73D16C0D-C8DE-4830-A2B1-C90375D24BCD}.Release|x86.ActiveCfg = Release|Win32
		{73D16C0D-C8DE-4830-A2B1-C90375D24BCD}.Release|x86.Build.0 = Release|Win32
		{F62B5F9E-C641-4C57-B102-B8AD5F2BA92A}.Debug|x64.ActiveCfg = Debug|x64
		{F62B5F9E-C641-4C57-B102-B8AD5F2BA92A}.Debug|x64.Build.0 = Debug|x64
		{F62B5F9E-C641-4C57-B102-B8AD5F2BA92A}.Debug|x86.ActiveCfg = Debug|Win32
		{F62B5F9E-C641-4C57-B102-B8AD5F2BA92A}.Debug|x86.Build.0 = Debug|Win32
		{F62B5F9E-C641-4C57-B102-B8AD5F2BA92A}.Release|x64.ActiveCfg = Release|x64
		{F62B5F9E-C641-4C57-B102-B8AD5F2BA92A}.Release|x64.Build.0 = Release|x64
		{F62B5F9E-C641-4C57-B102-B8AD5F2BA92A}.Release|x86.ActiveCfg = Release|Win32
		{F62B5F9E-C641-4C57-B102-B8AD5F2BA92A}.Release|x86.Build.0 = Release|Win32
	EndGlobalSection
	GlobalSection(SolutionProperties) = preSolution
		HideSolutionNode = FALSE
	EndGlobalSection
	GlobalSection(ExtensibilityGlobals) = postSolution
		SolutionGuid = {B64244DE-E730-426E-B44B-C5280F47B742}
	EndGlobalSection
EndGlobal
