
Microsoft Visual Studio Solution File, Format Version 12.00
# Visual Studio Version 17
VisualStudioVersion = 17.4.33020.496
MinimumVisualStudioVersion = 10.0.40219.1
Project("{FAE04EC0-301F-11D3-BF4B-00C04F79EFBC}") = "Lesson3(Structs)", "Lesson3(Structs)\Lesson3(Structs).csproj", "{0F052C21-6416-4628-BA7A-C7AB7D25E7C0}"
EndProject
Global
	GlobalSection(SolutionConfigurationPlatforms) = preSolution
		Debug|Any CPU = Debug|Any CPU
		Release|Any CPU = Release|Any CPU
	EndGlobalSection
	GlobalSection(ProjectConfigurationPlatforms) = postSolution
		{0F052C21-6416-4628-BA7A-C7AB7D25E7C0}.Debug|Any CPU.ActiveCfg = Debug|Any CPU
		{0F052C21-6416-4628-BA7A-C7AB7D25E7C0}.Debug|Any CPU.Build.0 = Debug|Any CPU
		{0F052C21-6416-4628-BA7A-C7AB7D25E7C0}.Release|Any CPU.ActiveCfg = Release|Any CPU
		{0F052C21-6416-4628-BA7A-C7AB7D25E7C0}.Release|Any CPU.Build.0 = Release|Any CPU
	EndGlobalSection
	GlobalSection(SolutionProperties) = preSolution
		HideSolutionNode = FALSE
	EndGlobalSection
	GlobalSection(ExtensibilityGlobals) = postSolution
		SolutionGuid = {72FC76BD-7A8B-49AF-B75E-90743DB5324C}
	EndGlobalSection
EndGlobal
