
Microsoft Visual Studio Solution File, Format Version 12.00
# Visual Studio Version 17
VisualStudioVersion = 17.4.33020.496
MinimumVisualStudioVersion = 10.0.40219.1
Project("{FAE04EC0-301F-11D3-BF4B-00C04F79EFBC}") = "CinemaClient", "CinemaClient\CinemaClient.csproj", "{52BA620D-D6DF-45BB-9EDC-59AC592EE2A2}"
EndProject
Global
	GlobalSection(SolutionConfigurationPlatforms) = preSolution
		Debug|Any CPU = Debug|Any CPU
		Release|Any CPU = Release|Any CPU
	EndGlobalSection
	GlobalSection(ProjectConfigurationPlatforms) = postSolution
		{52BA620D-D6DF-45BB-9EDC-59AC592EE2A2}.Debug|Any CPU.ActiveCfg = Debug|Any CPU
		{52BA620D-D6DF-45BB-9EDC-59AC592EE2A2}.Debug|Any CPU.Build.0 = Debug|Any CPU
		{52BA620D-D6DF-45BB-9EDC-59AC592EE2A2}.Release|Any CPU.ActiveCfg = Release|Any CPU
		{52BA620D-D6DF-45BB-9EDC-59AC592EE2A2}.Release|Any CPU.Build.0 = Release|Any CPU
	EndGlobalSection
	GlobalSection(SolutionProperties) = preSolution
		HideSolutionNode = FALSE
	EndGlobalSection
	GlobalSection(ExtensibilityGlobals) = postSolution
		SolutionGuid = {023CB5EC-2D10-48AA-9A45-360E95B1DD1C}
	EndGlobalSection
EndGlobal
