
Microsoft Visual Studio Solution File, Format Version 12.00
Project("{FAE04EC0-301F-11D3-BF4B-00C04F79EFBC}") = "FtpLesson", "FtpLesson\FtpLesson.csproj", "{36351C17-EE05-432F-9032-B3FC4DFF40FB}"
EndProject
Global
	GlobalSection(SolutionConfigurationPlatforms) = preSolution
		Debug|Any CPU = Debug|Any CPU
		Release|Any CPU = Release|Any CPU
	EndGlobalSection
	GlobalSection(ProjectConfigurationPlatforms) = postSolution
		{36351C17-EE05-432F-9032-B3FC4DFF40FB}.Debug|Any CPU.ActiveCfg = Debug|Any CPU
		{36351C17-EE05-432F-9032-B3FC4DFF40FB}.Debug|Any CPU.Build.0 = Debug|Any CPU
		{36351C17-EE05-432F-9032-B3FC4DFF40FB}.Release|Any CPU.ActiveCfg = Release|Any CPU
		{36351C17-EE05-432F-9032-B3FC4DFF40FB}.Release|Any CPU.Build.0 = Release|Any CPU
	EndGlobalSection
EndGlobal
