
Microsoft Visual Studio Solution File, Format Version 12.00
# Visual Studio Version 17
VisualStudioVersion = 17.1.32319.34
MinimumVisualStudioVersion = 10.0.40219.1
Project("{8BC9CEB8-8B4A-11D0-8D11-00A0C91BC942}") = "Functions", "Functions\Functions.vcxproj", "{CCBE5C3D-B697-400C-A87A-AFE43D2455E0}"
EndProject
Project("{8BC9CEB8-8B4A-11D0-8D11-00A0C91BC942}") = "ArrInFunc", "ArrInFunc\ArrInFunc.vcxproj", "{C706E608-271E-4906-8159-17A2A45AA178}"
EndProject
Project("{8BC9CEB8-8B4A-11D0-8D11-00A0C91BC942}") = "Overloading", "Overloading\Overloading.vcxproj", "{003CD613-1EB1-4825-BC76-002F16C04AFE}"
EndProject
Project("{8BC9CEB8-8B4A-11D0-8D11-00A0C91BC942}") = "Headers", "Headers\Headers.vcxproj", "{289EA303-1847-4703-9BD6-EE236B22508C}"
EndProject
Project("{8BC9CEB8-8B4A-11D0-8D11-00A0C91BC942}") = "Template", "Template\Template.vcxproj", "{6AB0BE9F-703C-444C-86BF-8D162E972DDD}"
EndProject
Project("{8BC9CEB8-8B4A-11D0-8D11-00A0C91BC942}") = "Inline", "Inline\Inline.vcxproj", "{5AAECDC1-38E3-43F9-9B03-1DB5E73177C2}"
EndProject
Global
	GlobalSection(SolutionConfigurationPlatforms) = preSolution
		Debug|Any CPU = Debug|Any CPU
		Debug|x64 = Debug|x64
		Debug|x86 = Debug|x86
		Release|Any CPU = Release|Any CPU
		Release|x64 = Release|x64
		Release|x86 = Release|x86
	EndGlobalSection
	GlobalSection(ProjectConfigurationPlatforms) = postSolution
		{CCBE5C3D-B697-400C-A87A-AFE43D2455E0}.Debug|Any CPU.ActiveCfg = Debug|x64
		{CCBE5C3D-B697-400C-A87A-AFE43D2455E0}.Debug|Any CPU.Build.0 = Debug|x64
		{CCBE5C3D-B697-400C-A87A-AFE43D2455E0}.Debug|x64.ActiveCfg = Debug|x64
		{CCBE5C3D-B697-400C-A87A-AFE43D2455E0}.Debug|x64.Build.0 = Debug|x64
		{CCBE5C3D-B697-400C-A87A-AFE43D2455E0}.Debug|x86.ActiveCfg = Debug|Win32
		{CCBE5C3D-B697-400C-A87A-AFE43D2455E0}.Debug|x86.Build.0 = Debug|Win32
		{CCBE5C3D-B697-400C-A87A-AFE43D2455E0}.Release|Any CPU.ActiveCfg = Release|x64
		{CCBE5C3D-B697-400C-A87A-AFE43D2455E0}.Release|Any CPU.Build.0 = Release|x64
		{CCBE5C3D-B697-400C-A87A-AFE43D2455E0}.Release|x64.ActiveCfg = Release|x64
		{CCBE5C3D-B697-400C-A87A-AFE43D2455E0}.Release|x64.Build.0 = Release|x64
		{CCBE5C3D-B697-400C-A87A-AFE43D2455E0}.Release|x86.ActiveCfg = Release|Win32
		{CCBE5C3D-B697-400C-A87A-AFE43D2455E0}.Release|x86.Build.0 = Release|Win32
		{C706E608-271E-4906-8159-17A2A45AA178}.Debug|Any CPU.ActiveCfg = Debug|x64
		{C706E608-271E-4906-8159-17A2A45AA178}.Debug|Any CPU.Build.0 = Debug|x64
		{C706E608-271E-4906-8159-17A2A45AA178}.Debug|x64.ActiveCfg = Debug|x64
		{C706E608-271E-4906-8159-17A2A45AA178}.Debug|x64.Build.0 = Debug|x64
		{C706E608-271E-4906-8159-17A2A45AA178}.Debug|x86.ActiveCfg = Debug|Win32
		{C706E608-271E-4906-8159-17A2A45AA178}.Debug|x86.Build.0 = Debug|Win32
		{C706E608-271E-4906-8159-17A2A45AA178}.Release|Any CPU.ActiveCfg = Release|x64
		{C706E608-271E-4906-8159-17A2A45AA178}.Release|Any CPU.Build.0 = Release|x64
		{C706E608-271E-4906-8159-17A2A45AA178}.Release|x64.ActiveCfg = Release|x64
		{C706E608-271E-4906-8159-17A2A45AA178}.Release|x64.Build.0 = Release|x64
		{C706E608-271E-4906-8159-17A2A45AA178}.Release|x86.ActiveCfg = Release|Win32
		{C706E608-271E-4906-8159-17A2A45AA178}.Release|x86.Build.0 = Release|Win32
		{003CD613-1EB1-4825-BC76-002F16C04AFE}.Debug|Any CPU.ActiveCfg = Debug|x64
		{003CD613-1EB1-4825-BC76-002F16C04AFE}.Debug|Any CPU.Build.0 = Debug|x64
		{003CD613-1EB1-4825-BC76-002F16C04AFE}.Debug|x64.ActiveCfg = Debug|x64
		{003CD613-1EB1-4825-BC76-002F16C04AFE}.Debug|x64.Build.0 = Debug|x64
		{003CD613-1EB1-4825-BC76-002F16C04AFE}.Debug|x86.ActiveCfg = Debug|Win32
		{003CD613-1EB1-4825-BC76-002F16C04AFE}.Debug|x86.Build.0 = Debug|Win32
		{003CD613-1EB1-4825-BC76-002F16C04AFE}.Release|Any CPU.ActiveCfg = Release|x64
		{003CD613-1EB1-4825-BC76-002F16C04AFE}.Release|Any CPU.Build.0 = Release|x64
		{003CD613-1EB1-4825-BC76-002F16C04AFE}.Release|x64.ActiveCfg = Release|x64
		{003CD613-1EB1-4825-BC76-002F16C04AFE}.Release|x64.Build.0 = Release|x64
		{003CD613-1EB1-4825-BC76-002F16C04AFE}.Release|x86.ActiveCfg = Release|Win32
		{003CD613-1EB1-4825-BC76-002F16C04AFE}.Release|x86.Build.0 = Release|Win32
		{289EA303-1847-4703-9BD6-EE236B22508C}.Debug|Any CPU.ActiveCfg = Debug|x64
		{289EA303-1847-4703-9BD6-EE236B22508C}.Debug|Any CPU.Build.0 = Debug|x64
		{289EA303-1847-4703-9BD6-EE236B22508C}.Debug|x64.ActiveCfg = Debug|x64
		{289EA303-1847-4703-9BD6-EE236B22508C}.Debug|x64.Build.0 = Debug|x64
		{289EA303-1847-4703-9BD6-EE236B22508C}.Debug|x86.ActiveCfg = Debug|Win32
		{289EA303-1847-4703-9BD6-EE236B22508C}.Debug|x86.Build.0 = Debug|Win32
		{289EA303-1847-4703-9BD6-EE236B22508C}.Release|Any CPU.ActiveCfg = Release|x64
		{289EA303-1847-4703-9BD6-EE236B22508C}.Release|Any CPU.Build.0 = Release|x64
		{289EA303-1847-4703-9BD6-EE236B22508C}.Release|x64.ActiveCfg = Release|x64
		{289EA303-1847-4703-9BD6-EE236B22508C}.Release|x64.Build.0 = Release|x64
		{289EA303-1847-4703-9BD6-EE236B22508C}.Release|x86.ActiveCfg = Release|Win32
		{289EA303-1847-4703-9BD6-EE236B22508C}.Release|x86.Build.0 = Release|Win32
		{6AB0BE9F-703C-444C-86BF-8D162E972DDD}.Debug|Any CPU.ActiveCfg = Debug|x64
		{6AB0BE9F-703C-444C-86BF-8D162E972DDD}.Debug|Any CPU.Build.0 = Debug|x64
		{6AB0BE9F-703C-444C-86BF-8D162E972DDD}.Debug|x64.ActiveCfg = Debug|x64
		{6AB0BE9F-703C-444C-86BF-8D162E972DDD}.Debug|x64.Build.0 = Debug|x64
		{6AB0BE9F-703C-444C-86BF-8D162E972DDD}.Debug|x86.ActiveCfg = Debug|Win32
		{6AB0BE9F-703C-444C-86BF-8D162E972DDD}.Debug|x86.Build.0 = Debug|Win32
		{6AB0BE9F-703C-444C-86BF-8D162E972DDD}.Release|Any CPU.ActiveCfg = Release|x64
		{6AB0BE9F-703C-444C-86BF-8D162E972DDD}.Release|Any CPU.Build.0 = Release|x64
		{6AB0BE9F-703C-444C-86BF-8D162E972DDD}.Release|x64.ActiveCfg = Release|x64
		{6AB0BE9F-703C-444C-86BF-8D162E972DDD}.Release|x64.Build.0 = Release|x64
		{6AB0BE9F-703C-444C-86BF-8D162E972DDD}.Release|x86.ActiveCfg = Release|Win32
		{6AB0BE9F-703C-444C-86BF-8D162E972DDD}.Release|x86.Build.0 = Release|Win32
		{5AAECDC1-38E3-43F9-9B03-1DB5E73177C2}.Debug|Any CPU.ActiveCfg = Debug|x64
		{5AAECDC1-38E3-43F9-9B03-1DB5E73177C2}.Debug|Any CPU.Build.0 = Debug|x64
		{5AAECDC1-38E3-43F9-9B03-1DB5E73177C2}.Debug|x64.ActiveCfg = Debug|x64
		{5AAECDC1-38E3-43F9-9B03-1DB5E73177C2}.Debug|x64.Build.0 = Debug|x64
		{5AAECDC1-38E3-43F9-9B03-1DB5E73177C2}.Debug|x86.ActiveCfg = Debug|Win32
		{5AAECDC1-38E3-43F9-9B03-1DB5E73177C2}.Debug|x86.Build.0 = Debug|Win32
		{5AAECDC1-38E3-43F9-9B03-1DB5E73177C2}.Release|Any CPU.ActiveCfg = Release|x64
		{5AAECDC1-38E3-43F9-9B03-1DB5E73177C2}.Release|Any CPU.Build.0 = Release|x64
		{5AAECDC1-38E3-43F9-9B03-1DB5E73177C2}.Release|x64.ActiveCfg = Release|x64
		{5AAECDC1-38E3-43F9-9B03-1DB5E73177C2}.Release|x64.Build.0 = Release|x64
		{5AAECDC1-38E3-43F9-9B03-1DB5E73177C2}.Release|x86.ActiveCfg = Release|Win32
		{5AAECDC1-38E3-43F9-9B03-1DB5E73177C2}.Release|x86.Build.0 = Release|Win32
	EndGlobalSection
	GlobalSection(SolutionProperties) = preSolution
		HideSolutionNode = FALSE
	EndGlobalSection
	GlobalSection(ExtensibilityGlobals) = postSolution
		SolutionGuid = {D4E70C22-77AC-458E-9F0B-58525E607632}
	EndGlobalSection
EndGlobal
