
Microsoft Visual Studio Solution File, Format Version 12.00
Project("{FAE04EC0-301F-11D3-BF4B-00C04F79EFBC}") = "Strategy", "Strategy\Strategy.csproj", "{11F3E64F-4BF3-42A5-BA42-1A1DCE181562}"
EndProject
Global
	GlobalSection(SolutionConfigurationPlatforms) = preSolution
		Debug|Any CPU = Debug|Any CPU
		Release|Any CPU = Release|Any CPU
	EndGlobalSection
	GlobalSection(ProjectConfigurationPlatforms) = postSolution
		{11F3E64F-4BF3-42A5-BA42-1A1DCE181562}.Debug|Any CPU.ActiveCfg = Debug|Any CPU
		{11F3E64F-4BF3-42A5-BA42-1A1DCE181562}.Debug|Any CPU.Build.0 = Debug|Any CPU
		{11F3E64F-4BF3-42A5-BA42-1A1DCE181562}.Release|Any CPU.ActiveCfg = Release|Any CPU
		{11F3E64F-4BF3-42A5-BA42-1A1DCE181562}.Release|Any CPU.Build.0 = Release|Any CPU
	EndGlobalSection
EndGlobal
