
Microsoft Visual Studio Solution File, Format Version 12.00
# Visual Studio Version 17
VisualStudioVersion = 17.6.33815.320
MinimumVisualStudioVersion = 10.0.40219.1
Project("{FAE04EC0-301F-11D3-BF4B-00C04F79EFBC}") = "Intro", "Intro\Intro.csproj", "{713E5A02-EE1E-48AE-904D-A0BD613172DD}"
EndProject
Global
	GlobalSection(SolutionConfigurationPlatforms) = preSolution
		Debug|Any CPU = Debug|Any CPU
		Release|Any CPU = Release|Any CPU
	EndGlobalSection
	GlobalSection(ProjectConfigurationPlatforms) = postSolution
		{713E5A02-EE1E-48AE-904D-A0BD613172DD}.Debug|Any CPU.ActiveCfg = Debug|Any CPU
		{713E5A02-EE1E-48AE-904D-A0BD613172DD}.Debug|Any CPU.Build.0 = Debug|Any CPU
		{713E5A02-EE1E-48AE-904D-A0BD613172DD}.Release|Any CPU.ActiveCfg = Release|Any CPU
		{713E5A02-EE1E-48AE-904D-A0BD613172DD}.Release|Any CPU.Build.0 = Release|Any CPU
	EndGlobalSection
	GlobalSection(SolutionProperties) = preSolution
		HideSolutionNode = FALSE
	EndGlobalSection
	GlobalSection(ExtensibilityGlobals) = postSolution
		SolutionGuid = {377B06E6-04E4-4937-B20A-C4A352E47E48}
	EndGlobalSection
EndGlobal
