
Microsoft Visual Studio Solution File, Format Version 12.00
# Visual Studio Version 17
VisualStudioVersion = 17.8.34309.116
MinimumVisualStudioVersion = 10.0.40219.1
Project("{FAE04EC0-301F-11D3-BF4B-00C04F79EFBC}") = "FirstMVC", "FirstMVC\FirstMVC.csproj", "{3DA7ED92-76BE-4627-BD99-56168AE3B5F9}"
EndProject
Global
	GlobalSection(SolutionConfigurationPlatforms) = preSolution
		Debug|Any CPU = Debug|Any CPU
		Release|Any CPU = Release|Any CPU
	EndGlobalSection
	GlobalSection(ProjectConfigurationPlatforms) = postSolution
		{3DA7ED92-76BE-4627-BD99-56168AE3B5F9}.Debug|Any CPU.ActiveCfg = Debug|Any CPU
		{3DA7ED92-76BE-4627-BD99-56168AE3B5F9}.Debug|Any CPU.Build.0 = Debug|Any CPU
		{3DA7ED92-76BE-4627-BD99-56168AE3B5F9}.Release|Any CPU.ActiveCfg = Release|Any CPU
		{3DA7ED92-76BE-4627-BD99-56168AE3B5F9}.Release|Any CPU.Build.0 = Release|Any CPU
	EndGlobalSection
	GlobalSection(SolutionProperties) = preSolution
		HideSolutionNode = FALSE
	EndGlobalSection
	GlobalSection(ExtensibilityGlobals) = postSolution
		SolutionGuid = {E302DD92-A774-4E77-891D-43EFFE2018BF}
	EndGlobalSection
EndGlobal
