
Microsoft Visual Studio Solution File, Format Version 12.00
# Visual Studio Version 17
VisualStudioVersion = 17.4.33020.496
MinimumVisualStudioVersion = 10.0.40219.1
Project("{FAE04EC0-301F-11D3-BF4B-00C04F79EFBC}") = "Lesson1", "Lesson1\Lesson1.csproj", "{7905E1C3-EAFE-4493-89C5-297336A8D85F}"
EndProject
Project("{FAE04EC0-301F-11D3-BF4B-00C04F79EFBC}") = "Lesson2", "Lesson2\Lesson2.csproj", "{9845CE88-363F-4AA1-80C9-024358B04A03}"
EndProject
Project("{FAE04EC0-301F-11D3-BF4B-00C04F79EFBC}") = "Lesson3", "Lesson3\Lesson3.csproj", "{0DE83064-1BF9-4140-A313-3434B52F2163}"
EndProject
Project("{FAE04EC0-301F-11D3-BF4B-00C04F79EFBC}") = "PersonLib", "PersonLib\PersonLib.csproj", "{1AD5262B-2A11-4A08-8055-2B94CEACCAE5}"
EndProject
Global
	GlobalSection(SolutionConfigurationPlatforms) = preSolution
		Debug|Any CPU = Debug|Any CPU
		Release|Any CPU = Release|Any CPU
	EndGlobalSection
	GlobalSection(ProjectConfigurationPlatforms) = postSolution
		{7905E1C3-EAFE-4493-89C5-297336A8D85F}.Debug|Any CPU.ActiveCfg = Debug|Any CPU
		{7905E1C3-EAFE-4493-89C5-297336A8D85F}.Debug|Any CPU.Build.0 = Debug|Any CPU
		{7905E1C3-EAFE-4493-89C5-297336A8D85F}.Release|Any CPU.ActiveCfg = Release|Any CPU
		{7905E1C3-EAFE-4493-89C5-297336A8D85F}.Release|Any CPU.Build.0 = Release|Any CPU
		{9845CE88-363F-4AA1-80C9-024358B04A03}.Debug|Any CPU.ActiveCfg = Debug|Any CPU
		{9845CE88-363F-4AA1-80C9-024358B04A03}.Debug|Any CPU.Build.0 = Debug|Any CPU
		{9845CE88-363F-4AA1-80C9-024358B04A03}.Release|Any CPU.ActiveCfg = Release|Any CPU
		{9845CE88-363F-4AA1-80C9-024358B04A03}.Release|Any CPU.Build.0 = Release|Any CPU
		{0DE83064-1BF9-4140-A313-3434B52F2163}.Debug|Any CPU.ActiveCfg = Debug|Any CPU
		{0DE83064-1BF9-4140-A313-3434B52F2163}.Debug|Any CPU.Build.0 = Debug|Any CPU
		{0DE83064-1BF9-4140-A313-3434B52F2163}.Release|Any CPU.ActiveCfg = Release|Any CPU
		{0DE83064-1BF9-4140-A313-3434B52F2163}.Release|Any CPU.Build.0 = Release|Any CPU
		{1AD5262B-2A11-4A08-8055-2B94CEACCAE5}.Debug|Any CPU.ActiveCfg = Debug|Any CPU
		{1AD5262B-2A11-4A08-8055-2B94CEACCAE5}.Debug|Any CPU.Build.0 = Debug|Any CPU
		{1AD5262B-2A11-4A08-8055-2B94CEACCAE5}.Release|Any CPU.ActiveCfg = Release|Any CPU
		{1AD5262B-2A11-4A08-8055-2B94CEACCAE5}.Release|Any CPU.Build.0 = Release|Any CPU
	EndGlobalSection
	GlobalSection(SolutionProperties) = preSolution
		HideSolutionNode = FALSE
	EndGlobalSection
	GlobalSection(ExtensibilityGlobals) = postSolution
		SolutionGuid = {837D4B70-8CC3-495A-85CC-74AFCEFB3835}
	EndGlobalSection
EndGlobal
