
Microsoft Visual Studio Solution File, Format Version 12.00
Project("{FAE04EC0-301F-11D3-BF4B-00C04F79EFBC}") = "DefaultTcpListener", "DefaultTcpListener\DefaultTcpListener.csproj", "{1433B0A1-05C2-4FA1-B32A-47FA41D2E419}"
EndProject
Global
	GlobalSection(SolutionConfigurationPlatforms) = preSolution
		Debug|Any CPU = Debug|Any CPU
		Release|Any CPU = Release|Any CPU
	EndGlobalSection
	GlobalSection(ProjectConfigurationPlatforms) = postSolution
		{1433B0A1-05C2-4FA1-B32A-47FA41D2E419}.Debug|Any CPU.ActiveCfg = Debug|Any CPU
		{1433B0A1-05C2-4FA1-B32A-47FA41D2E419}.Debug|Any CPU.Build.0 = Debug|Any CPU
		{1433B0A1-05C2-4FA1-B32A-47FA41D2E419}.Release|Any CPU.ActiveCfg = Release|Any CPU
		{1433B0A1-05C2-4FA1-B32A-47FA41D2E419}.Release|Any CPU.Build.0 = Release|Any CPU
	EndGlobalSection
EndGlobal
