
Microsoft Visual Studio Solution File, Format Version 12.00
# Visual Studio Version 17
VisualStudioVersion = 17.4.33020.496
MinimumVisualStudioVersion = 10.0.40219.1
Project("{9A19103F-16F7-4668-BE54-9A1E7A4F7556}") = "Delegates", "Delegates\Delegates.csproj", "{B315EEA0-CF38-498A-8127-52FC566B99DB}"
EndProject
Project("{FAE04EC0-301F-11D3-BF4B-00C04F79EFBC}") = "MulticastDelegate", "MulticastDelegate\MulticastDelegate.csproj", "{6D4899BC-C28B-467C-86CC-150E2F0605A3}"
EndProject
Global
	GlobalSection(SolutionConfigurationPlatforms) = preSolution
		Debug|Any CPU = Debug|Any CPU
		Release|Any CPU = Release|Any CPU
	EndGlobalSection
	GlobalSection(ProjectConfigurationPlatforms) = postSolution
		{B315EEA0-CF38-498A-8127-52FC566B99DB}.Debug|Any CPU.ActiveCfg = Debug|Any CPU
		{B315EEA0-CF38-498A-8127-52FC566B99DB}.Debug|Any CPU.Build.0 = Debug|Any CPU
		{B315EEA0-CF38-498A-8127-52FC566B99DB}.Release|Any CPU.ActiveCfg = Release|Any CPU
		{B315EEA0-CF38-498A-8127-52FC566B99DB}.Release|Any CPU.Build.0 = Release|Any CPU
		{6D4899BC-C28B-467C-86CC-150E2F0605A3}.Debug|Any CPU.ActiveCfg = Debug|Any CPU
		{6D4899BC-C28B-467C-86CC-150E2F0605A3}.Debug|Any CPU.Build.0 = Debug|Any CPU
		{6D4899BC-C28B-467C-86CC-150E2F0605A3}.Release|Any CPU.ActiveCfg = Release|Any CPU
		{6D4899BC-C28B-467C-86CC-150E2F0605A3}.Release|Any CPU.Build.0 = Release|Any CPU
	EndGlobalSection
	GlobalSection(SolutionProperties) = preSolution
		HideSolutionNode = FALSE
	EndGlobalSection
	GlobalSection(ExtensibilityGlobals) = postSolution
		SolutionGuid = {2B486C8E-4977-4EC7-9261-82EF040EFC80}
	EndGlobalSection
EndGlobal
