
Microsoft Visual Studio Solution File, Format Version 12.00
Project("{FAE04EC0-301F-11D3-BF4B-00C04F79EFBC}") = "SqlInjection", "SqlInjection\SqlInjection.csproj", "{53A82CE5-98B7-4639-B603-F8C6EB752F90}"
EndProject
Global
	GlobalSection(SolutionConfigurationPlatforms) = preSolution
		Debug|Any CPU = Debug|Any CPU
		Release|Any CPU = Release|Any CPU
	EndGlobalSection
	GlobalSection(ProjectConfigurationPlatforms) = postSolution
		{53A82CE5-98B7-4639-B603-F8C6EB752F90}.Debug|Any CPU.ActiveCfg = Debug|Any CPU
		{53A82CE5-98B7-4639-B603-F8C6EB752F90}.Debug|Any CPU.Build.0 = Debug|Any CPU
		{53A82CE5-98B7-4639-B603-F8C6EB752F90}.Release|Any CPU.ActiveCfg = Release|Any CPU
		{53A82CE5-98B7-4639-B603-F8C6EB752F90}.Release|Any CPU.Build.0 = Release|Any CPU
	EndGlobalSection
EndGlobal
