
Microsoft Visual Studio Solution File, Format Version 12.00
Project("{FAE04EC0-301F-11D3-BF4B-00C04F79EFBC}") = "Memento", "Memento\Memento.csproj", "{0BEBA654-31C9-409E-BFBE-0EC06A6C0FEE}"
EndProject
Global
	GlobalSection(SolutionConfigurationPlatforms) = preSolution
		Debug|Any CPU = Debug|Any CPU
		Release|Any CPU = Release|Any CPU
	EndGlobalSection
	GlobalSection(ProjectConfigurationPlatforms) = postSolution
		{0BEBA654-31C9-409E-BFBE-0EC06A6C0FEE}.Debug|Any CPU.ActiveCfg = Debug|Any CPU
		{0BEBA654-31C9-409E-BFBE-0EC06A6C0FEE}.Debug|Any CPU.Build.0 = Debug|Any CPU
		{0BEBA654-31C9-409E-BFBE-0EC06A6C0FEE}.Release|Any CPU.ActiveCfg = Release|Any CPU
		{0BEBA654-31C9-409E-BFBE-0EC06A6C0FEE}.Release|Any CPU.Build.0 = Release|Any CPU
	EndGlobalSection
EndGlobal
