
Microsoft Visual Studio Solution File, Format Version 12.00
# Visual Studio Version 17
VisualStudioVersion = 17.4.33020.496
MinimumVisualStudioVersion = 10.0.40219.1
Project("{FAE04EC0-301F-11D3-BF4B-00C04F79EFBC}") = "Reflection", "Reflection\Reflection.csproj", "{0B202ACC-DD47-4AC3-AA2A-6A71ED2B56F5}"
EndProject
Global
	GlobalSection(SolutionConfigurationPlatforms) = preSolution
		Debug|Any CPU = Debug|Any CPU
		Release|Any CPU = Release|Any CPU
	EndGlobalSection
	GlobalSection(ProjectConfigurationPlatforms) = postSolution
		{0B202ACC-DD47-4AC3-AA2A-6A71ED2B56F5}.Debug|Any CPU.ActiveCfg = Debug|Any CPU
		{0B202ACC-DD47-4AC3-AA2A-6A71ED2B56F5}.Debug|Any CPU.Build.0 = Debug|Any CPU
		{0B202ACC-DD47-4AC3-AA2A-6A71ED2B56F5}.Release|Any CPU.ActiveCfg = Release|Any CPU
		{0B202ACC-DD47-4AC3-AA2A-6A71ED2B56F5}.Release|Any CPU.Build.0 = Release|Any CPU
	EndGlobalSection
	GlobalSection(SolutionProperties) = preSolution
		HideSolutionNode = FALSE
	EndGlobalSection
	GlobalSection(ExtensibilityGlobals) = postSolution
		SolutionGuid = {A7F0D858-476A-4E13-8602-E03F0748AA43}
	EndGlobalSection
EndGlobal
