
Microsoft Visual Studio Solution File, Format Version 12.00
# Visual Studio Version 17
VisualStudioVersion = 17.6.33815.320
MinimumVisualStudioVersion = 10.0.40219.1
Project("{9A19103F-16F7-4668-BE54-9A1E7A4F7556}") = "ApplicationLayer", "ApplicationLayer\ApplicationLayer.csproj", "{2DBB134B-5CC8-4E73-9F2F-5195300E53B2}"
EndProject
Project("{9A19103F-16F7-4668-BE54-9A1E7A4F7556}") = "ApiLayer", "ApiLayer\ApiLayer.csproj", "{B0FD6CB9-FD84-4217-84B0-57ED0FA956A7}"
EndProject
Project("{9A19103F-16F7-4668-BE54-9A1E7A4F7556}") = "DataLayer", "DataLayer\DataLayer.csproj", "{D242D1D4-97CB-4744-9C75-844D45DA94AE}"
EndProject
Global
	GlobalSection(SolutionConfigurationPlatforms) = preSolution
		Debug|Any CPU = Debug|Any CPU
		Release|Any CPU = Release|Any CPU
	EndGlobalSection
	GlobalSection(ProjectConfigurationPlatforms) = postSolution
		{2DBB134B-5CC8-4E73-9F2F-5195300E53B2}.Debug|Any CPU.ActiveCfg = Debug|Any CPU
		{2DBB134B-5CC8-4E73-9F2F-5195300E53B2}.Debug|Any CPU.Build.0 = Debug|Any CPU
		{2DBB134B-5CC8-4E73-9F2F-5195300E53B2}.Release|Any CPU.ActiveCfg = Release|Any CPU
		{2DBB134B-5CC8-4E73-9F2F-5195300E53B2}.Release|Any CPU.Build.0 = Release|Any CPU
		{B0FD6CB9-FD84-4217-84B0-57ED0FA956A7}.Debug|Any CPU.ActiveCfg = Debug|Any CPU
		{B0FD6CB9-FD84-4217-84B0-57ED0FA956A7}.Debug|Any CPU.Build.0 = Debug|Any CPU
		{B0FD6CB9-FD84-4217-84B0-57ED0FA956A7}.Release|Any CPU.ActiveCfg = Release|Any CPU
		{B0FD6CB9-FD84-4217-84B0-57ED0FA956A7}.Release|Any CPU.Build.0 = Release|Any CPU
		{D242D1D4-97CB-4744-9C75-844D45DA94AE}.Debug|Any CPU.ActiveCfg = Debug|Any CPU
		{D242D1D4-97CB-4744-9C75-844D45DA94AE}.Debug|Any CPU.Build.0 = Debug|Any CPU
		{D242D1D4-97CB-4744-9C75-844D45DA94AE}.Release|Any CPU.ActiveCfg = Release|Any CPU
		{D242D1D4-97CB-4744-9C75-844D45DA94AE}.Release|Any CPU.Build.0 = Release|Any CPU
	EndGlobalSection
	GlobalSection(SolutionProperties) = preSolution
		HideSolutionNode = FALSE
	EndGlobalSection
	GlobalSection(ExtensibilityGlobals) = postSolution
		SolutionGuid = {E7973FAA-FE32-4609-AF14-D2E942FDC850}
	EndGlobalSection
EndGlobal
