
Microsoft Visual Studio Solution File, Format Version 12.00
# Visual Studio Version 17
VisualStudioVersion = 17.6.33815.320
MinimumVisualStudioVersion = 10.0.40219.1
Project("{9A19103F-16F7-4668-BE54-9A1E7A4F7556}") = "ApiLayer", "PetStoreApi\ApiLayer.csproj", "{713F499B-A1C3-4B17-9B92-8E0606E8E26A}"
EndProject
Project("{9A19103F-16F7-4668-BE54-9A1E7A4F7556}") = "DataLayer", "PetsData\DataLayer.csproj", "{2D914629-B970-427A-A0F5-7E1621169F4F}"
EndProject
Project("{FAE04EC0-301F-11D3-BF4B-00C04F79EFBC}") = "ApplicationLayer", "ApplicationLayer\ApplicationLayer.csproj", "{2DBB134B-5CC8-4E73-9F2F-5195300E53B2}"
EndProject
Global
	GlobalSection(SolutionConfigurationPlatforms) = preSolution
		Debug|Any CPU = Debug|Any CPU
		Release|Any CPU = Release|Any CPU
	EndGlobalSection
	GlobalSection(ProjectConfigurationPlatforms) = postSolution
		{713F499B-A1C3-4B17-9B92-8E0606E8E26A}.Debug|Any CPU.ActiveCfg = Debug|Any CPU
		{713F499B-A1C3-4B17-9B92-8E0606E8E26A}.Debug|Any CPU.Build.0 = Debug|Any CPU
		{713F499B-A1C3-4B17-9B92-8E0606E8E26A}.Release|Any CPU.ActiveCfg = Release|Any CPU
		{713F499B-A1C3-4B17-9B92-8E0606E8E26A}.Release|Any CPU.Build.0 = Release|Any CPU
		{2D914629-B970-427A-A0F5-7E1621169F4F}.Debug|Any CPU.ActiveCfg = Debug|Any CPU
		{2D914629-B970-427A-A0F5-7E1621169F4F}.Debug|Any CPU.Build.0 = Debug|Any CPU
		{2D914629-B970-427A-A0F5-7E1621169F4F}.Release|Any CPU.ActiveCfg = Release|Any CPU
		{2D914629-B970-427A-A0F5-7E1621169F4F}.Release|Any CPU.Build.0 = Release|Any CPU
		{2DBB134B-5CC8-4E73-9F2F-5195300E53B2}.Debug|Any CPU.ActiveCfg = Debug|Any CPU
		{2DBB134B-5CC8-4E73-9F2F-5195300E53B2}.Debug|Any CPU.Build.0 = Debug|Any CPU
		{2DBB134B-5CC8-4E73-9F2F-5195300E53B2}.Release|Any CPU.ActiveCfg = Release|Any CPU
		{2DBB134B-5CC8-4E73-9F2F-5195300E53B2}.Release|Any CPU.Build.0 = Release|Any CPU
	EndGlobalSection
	GlobalSection(SolutionProperties) = preSolution
		HideSolutionNode = FALSE
	EndGlobalSection
	GlobalSection(ExtensibilityGlobals) = postSolution
		SolutionGuid = {E7973FAA-FE32-4609-AF14-D2E942FDC850}
	EndGlobalSection
EndGlobal
