
Microsoft Visual Studio Solution File, Format Version 12.00
# Visual Studio Version 17
VisualStudioVersion = 17.4.33020.496
MinimumVisualStudioVersion = 10.0.40219.1
Project("{FAE04EC0-301F-11D3-BF4B-00C04F79EFBC}") = "Iterators", "Iterators\Iterators.csproj", "{ADD79769-0FC4-49B9-A459-D61E0CA829AA}"
EndProject
Global
	GlobalSection(SolutionConfigurationPlatforms) = preSolution
		Debug|Any CPU = Debug|Any CPU
		Release|Any CPU = Release|Any CPU
	EndGlobalSection
	GlobalSection(ProjectConfigurationPlatforms) = postSolution
		{ADD79769-0FC4-49B9-A459-D61E0CA829AA}.Debug|Any CPU.ActiveCfg = Debug|Any CPU
		{ADD79769-0FC4-49B9-A459-D61E0CA829AA}.Debug|Any CPU.Build.0 = Debug|Any CPU
		{ADD79769-0FC4-49B9-A459-D61E0CA829AA}.Release|Any CPU.ActiveCfg = Release|Any CPU
		{ADD79769-0FC4-49B9-A459-D61E0CA829AA}.Release|Any CPU.Build.0 = Release|Any CPU
	EndGlobalSection
	GlobalSection(SolutionProperties) = preSolution
		HideSolutionNode = FALSE
	EndGlobalSection
	GlobalSection(ExtensibilityGlobals) = postSolution
		SolutionGuid = {2819AE3B-5E24-4DCF-B871-0D86FB3D580F}
	EndGlobalSection
EndGlobal
