
Microsoft Visual Studio Solution File, Format Version 12.00
# Visual Studio Version 17
VisualStudioVersion = 17.3.32929.385
MinimumVisualStudioVersion = 10.0.40219.1
Project("{9A19103F-16F7-4668-BE54-9A1E7A4F7556}") = "Lesson1", "Lesson1\Lesson1.csproj", "{9F2DD5B3-1B8A-40B3-8AB3-3F88C6ABF34D}"
EndProject
Project("{FAE04EC0-301F-11D3-BF4B-00C04F79EFBC}") = "Lesson2", "Lesson2\Lesson2.csproj", "{B59406AB-F335-404E-B00F-D473938367D8}"
EndProject
Global
	GlobalSection(SolutionConfigurationPlatforms) = preSolution
		Debug|Any CPU = Debug|Any CPU
		Release|Any CPU = Release|Any CPU
	EndGlobalSection
	GlobalSection(ProjectConfigurationPlatforms) = postSolution
		{9F2DD5B3-1B8A-40B3-8AB3-3F88C6ABF34D}.Debug|Any CPU.ActiveCfg = Debug|Any CPU
		{9F2DD5B3-1B8A-40B3-8AB3-3F88C6ABF34D}.Debug|Any CPU.Build.0 = Debug|Any CPU
		{9F2DD5B3-1B8A-40B3-8AB3-3F88C6ABF34D}.Release|Any CPU.ActiveCfg = Release|Any CPU
		{9F2DD5B3-1B8A-40B3-8AB3-3F88C6ABF34D}.Release|Any CPU.Build.0 = Release|Any CPU
		{B59406AB-F335-404E-B00F-D473938367D8}.Debug|Any CPU.ActiveCfg = Debug|Any CPU
		{B59406AB-F335-404E-B00F-D473938367D8}.Debug|Any CPU.Build.0 = Debug|Any CPU
		{B59406AB-F335-404E-B00F-D473938367D8}.Release|Any CPU.ActiveCfg = Release|Any CPU
		{B59406AB-F335-404E-B00F-D473938367D8}.Release|Any CPU.Build.0 = Release|Any CPU
	EndGlobalSection
	GlobalSection(SolutionProperties) = preSolution
		HideSolutionNode = FALSE
	EndGlobalSection
	GlobalSection(ExtensibilityGlobals) = postSolution
		SolutionGuid = {EE67F8E9-936D-4B63-80B1-F25B1B784CA9}
	EndGlobalSection
EndGlobal
