
Microsoft Visual Studio Solution File, Format Version 12.00
# Visual Studio Version 17
VisualStudioVersion = 17.4.33020.496
MinimumVisualStudioVersion = 10.0.40219.1
Project("{8BC9CEB8-8B4A-11D0-8D11-00A0C91BC942}") = "Academy", "Academy\Academy.vcxproj", "{AF5F7515-81DD-4A9D-93BE-93E9510ED68C}"
EndProject
Global
	GlobalSection(SolutionConfigurationPlatforms) = preSolution
		Debug|x64 = Debug|x64
		Debug|x86 = Debug|x86
		Release|x64 = Release|x64
		Release|x86 = Release|x86
	EndGlobalSection
	GlobalSection(ProjectConfigurationPlatforms) = postSolution
		{AF5F7515-81DD-4A9D-93BE-93E9510ED68C}.Debug|x64.ActiveCfg = Debug|x64
		{AF5F7515-81DD-4A9D-93BE-93E9510ED68C}.Debug|x64.Build.0 = Debug|x64
		{AF5F7515-81DD-4A9D-93BE-93E9510ED68C}.Debug|x86.ActiveCfg = Debug|Win32
		{AF5F7515-81DD-4A9D-93BE-93E9510ED68C}.Debug|x86.Build.0 = Debug|Win32
		{AF5F7515-81DD-4A9D-93BE-93E9510ED68C}.Release|x64.ActiveCfg = Release|x64
		{AF5F7515-81DD-4A9D-93BE-93E9510ED68C}.Release|x64.Build.0 = Release|x64
		{AF5F7515-81DD-4A9D-93BE-93E9510ED68C}.Release|x86.ActiveCfg = Release|Win32
		{AF5F7515-81DD-4A9D-93BE-93E9510ED68C}.Release|x86.Build.0 = Release|Win32
	EndGlobalSection
	GlobalSection(SolutionProperties) = preSolution
		HideSolutionNode = FALSE
	EndGlobalSection
	GlobalSection(ExtensibilityGlobals) = postSolution
		SolutionGuid = {B1D119D1-9CEC-4CD6-BFA6-ECB1C59A5656}
	EndGlobalSection
EndGlobal
