
Microsoft Visual Studio Solution File, Format Version 12.00
# Visual Studio Version 17
VisualStudioVersion = 17.8.34309.116
MinimumVisualStudioVersion = 10.0.40219.1
Project("{FAE04EC0-301F-11D3-BF4B-00C04F79EFBC}") = "ReactAppWithAsp.Server", "ReactAppWithAsp.Server\ReactAppWithAsp.Server.csproj", "{38C9711B-8CD0-4EFA-B80F-353917C182A7}"
EndProject
Project("{54A90642-561A-4BB1-A94E-469ADEE60C69}") = "reactappwithasp.client", "reactappwithasp.client\reactappwithasp.client.esproj", "{64007BE4-9900-48DD-A545-B4F8912E6745}"
EndProject
Global
	GlobalSection(SolutionConfigurationPlatforms) = preSolution
		Debug|Any CPU = Debug|Any CPU
		Release|Any CPU = Release|Any CPU
	EndGlobalSection
	GlobalSection(ProjectConfigurationPlatforms) = postSolution
		{38C9711B-8CD0-4EFA-B80F-353917C182A7}.Debug|Any CPU.ActiveCfg = Debug|Any CPU
		{38C9711B-8CD0-4EFA-B80F-353917C182A7}.Debug|Any CPU.Build.0 = Debug|Any CPU
		{38C9711B-8CD0-4EFA-B80F-353917C182A7}.Release|Any CPU.ActiveCfg = Release|Any CPU
		{38C9711B-8CD0-4EFA-B80F-353917C182A7}.Release|Any CPU.Build.0 = Release|Any CPU
		{64007BE4-9900-48DD-A545-B4F8912E6745}.Debug|Any CPU.ActiveCfg = Debug|Any CPU
		{64007BE4-9900-48DD-A545-B4F8912E6745}.Debug|Any CPU.Build.0 = Debug|Any CPU
		{64007BE4-9900-48DD-A545-B4F8912E6745}.Debug|Any CPU.Deploy.0 = Debug|Any CPU
		{64007BE4-9900-48DD-A545-B4F8912E6745}.Release|Any CPU.ActiveCfg = Release|Any CPU
		{64007BE4-9900-48DD-A545-B4F8912E6745}.Release|Any CPU.Build.0 = Release|Any CPU
		{64007BE4-9900-48DD-A545-B4F8912E6745}.Release|Any CPU.Deploy.0 = Release|Any CPU
	EndGlobalSection
	GlobalSection(SolutionProperties) = preSolution
		HideSolutionNode = FALSE
	EndGlobalSection
	GlobalSection(ExtensibilityGlobals) = postSolution
		SolutionGuid = {2C9032B3-61D5-4170-B3D4-3D9AD6042866}
	EndGlobalSection
EndGlobal
