
Microsoft Visual Studio Solution File, Format Version 12.00
# Visual Studio Version 17
VisualStudioVersion = 17.8.34309.116
MinimumVisualStudioVersion = 10.0.40219.1
Project("{FAE04EC0-301F-11D3-BF4B-00C04F79EFBC}") = "MvcMain", "MvcMain\MvcMain.csproj", "{F1E66C9B-068D-4BEB-BE6D-EF2384B6FA02}"
EndProject
Global
	GlobalSection(SolutionConfigurationPlatforms) = preSolution
		Debug|Any CPU = Debug|Any CPU
		Release|Any CPU = Release|Any CPU
	EndGlobalSection
	GlobalSection(ProjectConfigurationPlatforms) = postSolution
		{F1E66C9B-068D-4BEB-BE6D-EF2384B6FA02}.Debug|Any CPU.ActiveCfg = Debug|Any CPU
		{F1E66C9B-068D-4BEB-BE6D-EF2384B6FA02}.Debug|Any CPU.Build.0 = Debug|Any CPU
		{F1E66C9B-068D-4BEB-BE6D-EF2384B6FA02}.Release|Any CPU.ActiveCfg = Release|Any CPU
		{F1E66C9B-068D-4BEB-BE6D-EF2384B6FA02}.Release|Any CPU.Build.0 = Release|Any CPU
	EndGlobalSection
	GlobalSection(SolutionProperties) = preSolution
		HideSolutionNode = FALSE
	EndGlobalSection
	GlobalSection(ExtensibilityGlobals) = postSolution
		SolutionGuid = {CA90087B-0894-4949-B8CD-736FA4A990B5}
	EndGlobalSection
EndGlobal
