
Microsoft Visual Studio Solution File, Format Version 12.00
# Visual Studio Version 17
VisualStudioVersion = 17.4.33020.496
MinimumVisualStudioVersion = 10.0.40219.1
Project("{FAE04EC0-301F-11D3-BF4B-00C04F79EFBC}") = "MVP", "MVC\MVP.csproj", "{45013065-B9A8-4898-8C9B-7B86D8ED7085}"
EndProject
Global
	GlobalSection(SolutionConfigurationPlatforms) = preSolution
		Debug|Any CPU = Debug|Any CPU
		Release|Any CPU = Release|Any CPU
	EndGlobalSection
	GlobalSection(ProjectConfigurationPlatforms) = postSolution
		{45013065-B9A8-4898-8C9B-7B86D8ED7085}.Debug|Any CPU.ActiveCfg = Debug|Any CPU
		{45013065-B9A8-4898-8C9B-7B86D8ED7085}.Debug|Any CPU.Build.0 = Debug|Any CPU
		{45013065-B9A8-4898-8C9B-7B86D8ED7085}.Release|Any CPU.ActiveCfg = Release|Any CPU
		{45013065-B9A8-4898-8C9B-7B86D8ED7085}.Release|Any CPU.Build.0 = Release|Any CPU
	EndGlobalSection
	GlobalSection(SolutionProperties) = preSolution
		HideSolutionNode = FALSE
	EndGlobalSection
	GlobalSection(ExtensibilityGlobals) = postSolution
		SolutionGuid = {E5DBD40A-32DE-4CCD-B903-5E53944D2018}
	EndGlobalSection
EndGlobal
