
Microsoft Visual Studio Solution File, Format Version 12.00
Project("{FAE04EC0-301F-11D3-BF4B-00C04F79EFBC}") = "Receiver", "Receiver\Receiver.csproj", "{764CE96B-909F-4855-9FD8-78A76E8919E3}"
EndProject
Project("{FAE04EC0-301F-11D3-BF4B-00C04F79EFBC}") = "Sender", "Sender\Sender.csproj", "{93270BC5-DAC6-42EF-AFED-DB98C6C19E37}"
EndProject
Global
	GlobalSection(SolutionConfigurationPlatforms) = preSolution
		Debug|Any CPU = Debug|Any CPU
		Release|Any CPU = Release|Any CPU
	EndGlobalSection
	GlobalSection(ProjectConfigurationPlatforms) = postSolution
		{764CE96B-909F-4855-9FD8-78A76E8919E3}.Debug|Any CPU.ActiveCfg = Debug|Any CPU
		{764CE96B-909F-4855-9FD8-78A76E8919E3}.Debug|Any CPU.Build.0 = Debug|Any CPU
		{764CE96B-909F-4855-9FD8-78A76E8919E3}.Release|Any CPU.ActiveCfg = Release|Any CPU
		{764CE96B-909F-4855-9FD8-78A76E8919E3}.Release|Any CPU.Build.0 = Release|Any CPU
		{93270BC5-DAC6-42EF-AFED-DB98C6C19E37}.Debug|Any CPU.ActiveCfg = Debug|Any CPU
		{93270BC5-DAC6-42EF-AFED-DB98C6C19E37}.Debug|Any CPU.Build.0 = Debug|Any CPU
		{93270BC5-DAC6-42EF-AFED-DB98C6C19E37}.Release|Any CPU.ActiveCfg = Release|Any CPU
		{93270BC5-DAC6-42EF-AFED-DB98C6C19E37}.Release|Any CPU.Build.0 = Release|Any CPU
	EndGlobalSection
EndGlobal
