
Microsoft Visual Studio Solution File, Format Version 12.00
# Visual Studio Version 17
VisualStudioVersion = 17.4.33020.496
MinimumVisualStudioVersion = 10.0.40219.1
Project("{FAE04EC0-301F-11D3-BF4B-00C04F79EFBC}") = "WpfIntro", "WpfIntro\WpfIntro.csproj", "{8C8FB3B0-75D9-4CED-B398-D54992BDECAC}"
EndProject
Global
	GlobalSection(SolutionConfigurationPlatforms) = preSolution
		Debug|Any CPU = Debug|Any CPU
		Release|Any CPU = Release|Any CPU
	EndGlobalSection
	GlobalSection(ProjectConfigurationPlatforms) = postSolution
		{8C8FB3B0-75D9-4CED-B398-D54992BDECAC}.Debug|Any CPU.ActiveCfg = Debug|Any CPU
		{8C8FB3B0-75D9-4CED-B398-D54992BDECAC}.Debug|Any CPU.Build.0 = Debug|Any CPU
		{8C8FB3B0-75D9-4CED-B398-D54992BDECAC}.Release|Any CPU.ActiveCfg = Release|Any CPU
		{8C8FB3B0-75D9-4CED-B398-D54992BDECAC}.Release|Any CPU.Build.0 = Release|Any CPU
	EndGlobalSection
	GlobalSection(SolutionProperties) = preSolution
		HideSolutionNode = FALSE
	EndGlobalSection
	GlobalSection(ExtensibilityGlobals) = postSolution
		SolutionGuid = {EDA449FA-0927-4470-9D4A-F3DCB868D414}
	EndGlobalSection
EndGlobal
