
Microsoft Visual Studio Solution File, Format Version 12.00
# Visual Studio Version 17
VisualStudioVersion = 17.4.33020.496
MinimumVisualStudioVersion = 10.0.40219.1
Project("{9A19103F-16F7-4668-BE54-9A1E7A4F7556}") = "Interfaces", "Interfaces\Interfaces.csproj", "{A6B3CB0C-5DE7-4082-AE4A-57E90D317AFD}"
EndProject
Project("{FAE04EC0-301F-11D3-BF4B-00C04F79EFBC}") = "Lesson2", "Lesson2\Lesson2.csproj", "{5EB60CEE-9526-42D0-82FA-F86256FF3346}"
EndProject
Project("{FAE04EC0-301F-11D3-BF4B-00C04F79EFBC}") = "Lesson3", "Lesson3\Lesson3.csproj", "{EC86B219-245A-4F5F-ADB4-3AC4125D24D1}"
EndProject
Global
	GlobalSection(SolutionConfigurationPlatforms) = preSolution
		Debug|Any CPU = Debug|Any CPU
		Release|Any CPU = Release|Any CPU
	EndGlobalSection
	GlobalSection(ProjectConfigurationPlatforms) = postSolution
		{A6B3CB0C-5DE7-4082-AE4A-57E90D317AFD}.Debug|Any CPU.ActiveCfg = Debug|Any CPU
		{A6B3CB0C-5DE7-4082-AE4A-57E90D317AFD}.Debug|Any CPU.Build.0 = Debug|Any CPU
		{A6B3CB0C-5DE7-4082-AE4A-57E90D317AFD}.Release|Any CPU.ActiveCfg = Release|Any CPU
		{A6B3CB0C-5DE7-4082-AE4A-57E90D317AFD}.Release|Any CPU.Build.0 = Release|Any CPU
		{5EB60CEE-9526-42D0-82FA-F86256FF3346}.Debug|Any CPU.ActiveCfg = Debug|Any CPU
		{5EB60CEE-9526-42D0-82FA-F86256FF3346}.Debug|Any CPU.Build.0 = Debug|Any CPU
		{5EB60CEE-9526-42D0-82FA-F86256FF3346}.Release|Any CPU.ActiveCfg = Release|Any CPU
		{5EB60CEE-9526-42D0-82FA-F86256FF3346}.Release|Any CPU.Build.0 = Release|Any CPU
		{EC86B219-245A-4F5F-ADB4-3AC4125D24D1}.Debug|Any CPU.ActiveCfg = Debug|Any CPU
		{EC86B219-245A-4F5F-ADB4-3AC4125D24D1}.Debug|Any CPU.Build.0 = Debug|Any CPU
		{EC86B219-245A-4F5F-ADB4-3AC4125D24D1}.Release|Any CPU.ActiveCfg = Release|Any CPU
		{EC86B219-245A-4F5F-ADB4-3AC4125D24D1}.Release|Any CPU.Build.0 = Release|Any CPU
	EndGlobalSection
	GlobalSection(SolutionProperties) = preSolution
		HideSolutionNode = FALSE
	EndGlobalSection
	GlobalSection(ExtensibilityGlobals) = postSolution
		SolutionGuid = {352526EB-7BB7-457C-82B7-0561DE5732AD}
	EndGlobalSection
EndGlobal
