
Microsoft Visual Studio Solution File, Format Version 12.00
Project("{FAE04EC0-301F-11D3-BF4B-00C04F79EFBC}") = "FactoryMethod", "FactoryMethod\FactoryMethod.csproj", "{9DB25B38-6D7B-4997-A11E-D2FC372039A9}"
EndProject
Global
	GlobalSection(SolutionConfigurationPlatforms) = preSolution
		Debug|Any CPU = Debug|Any CPU
		Release|Any CPU = Release|Any CPU
	EndGlobalSection
	GlobalSection(ProjectConfigurationPlatforms) = postSolution
		{9DB25B38-6D7B-4997-A11E-D2FC372039A9}.Debug|Any CPU.ActiveCfg = Debug|Any CPU
		{9DB25B38-6D7B-4997-A11E-D2FC372039A9}.Debug|Any CPU.Build.0 = Debug|Any CPU
		{9DB25B38-6D7B-4997-A11E-D2FC372039A9}.Release|Any CPU.ActiveCfg = Release|Any CPU
		{9DB25B38-6D7B-4997-A11E-D2FC372039A9}.Release|Any CPU.Build.0 = Release|Any CPU
	EndGlobalSection
EndGlobal
