
Microsoft Visual Studio Solution File, Format Version 12.00
Project("{FAE04EC0-301F-11D3-BF4B-00C04F79EFBC}") = "Server", "Server\Server.csproj", "{D4AEE645-58EF-4841-B37C-6B97C04B7A6A}"
EndProject
Project("{FAE04EC0-301F-11D3-BF4B-00C04F79EFBC}") = "Client", "Client\Client.csproj", "{2DDEA458-CFD2-4A6A-89DE-CE86FF013E4F}"
EndProject
Global
	GlobalSection(SolutionConfigurationPlatforms) = preSolution
		Debug|Any CPU = Debug|Any CPU
		Release|Any CPU = Release|Any CPU
	EndGlobalSection
	GlobalSection(ProjectConfigurationPlatforms) = postSolution
		{D4AEE645-58EF-4841-B37C-6B97C04B7A6A}.Debug|Any CPU.ActiveCfg = Debug|Any CPU
		{D4AEE645-58EF-4841-B37C-6B97C04B7A6A}.Debug|Any CPU.Build.0 = Debug|Any CPU
		{D4AEE645-58EF-4841-B37C-6B97C04B7A6A}.Release|Any CPU.ActiveCfg = Release|Any CPU
		{D4AEE645-58EF-4841-B37C-6B97C04B7A6A}.Release|Any CPU.Build.0 = Release|Any CPU
		{2DDEA458-CFD2-4A6A-89DE-CE86FF013E4F}.Debug|Any CPU.ActiveCfg = Debug|Any CPU
		{2DDEA458-CFD2-4A6A-89DE-CE86FF013E4F}.Debug|Any CPU.Build.0 = Debug|Any CPU
		{2DDEA458-CFD2-4A6A-89DE-CE86FF013E4F}.Release|Any CPU.ActiveCfg = Release|Any CPU
		{2DDEA458-CFD2-4A6A-89DE-CE86FF013E4F}.Release|Any CPU.Build.0 = Release|Any CPU
	EndGlobalSection
EndGlobal
