
Microsoft Visual Studio Solution File, Format Version 12.00
# Visual Studio Version 17
VisualStudioVersion = 17.4.33020.496
MinimumVisualStudioVersion = 10.0.40219.1
Project("{9A19103F-16F7-4668-BE54-9A1E7A4F7556}") = "Repeat", "Repeat\Repeat.csproj", "{01124715-F12C-4DCE-A95C-C4801CE36108}"
EndProject
Project("{FAE04EC0-301F-11D3-BF4B-00C04F79EFBC}") = "Repeat2", "Repeat2\Repeat2.csproj", "{B490211F-D694-4B69-B262-7837C6C4B440}"
EndProject
Global
	GlobalSection(SolutionConfigurationPlatforms) = preSolution
		Debug|Any CPU = Debug|Any CPU
		Release|Any CPU = Release|Any CPU
	EndGlobalSection
	GlobalSection(ProjectConfigurationPlatforms) = postSolution
		{01124715-F12C-4DCE-A95C-C4801CE36108}.Debug|Any CPU.ActiveCfg = Debug|Any CPU
		{01124715-F12C-4DCE-A95C-C4801CE36108}.Debug|Any CPU.Build.0 = Debug|Any CPU
		{01124715-F12C-4DCE-A95C-C4801CE36108}.Release|Any CPU.ActiveCfg = Release|Any CPU
		{01124715-F12C-4DCE-A95C-C4801CE36108}.Release|Any CPU.Build.0 = Release|Any CPU
		{B490211F-D694-4B69-B262-7837C6C4B440}.Debug|Any CPU.ActiveCfg = Debug|Any CPU
		{B490211F-D694-4B69-B262-7837C6C4B440}.Debug|Any CPU.Build.0 = Debug|Any CPU
		{B490211F-D694-4B69-B262-7837C6C4B440}.Release|Any CPU.ActiveCfg = Release|Any CPU
		{B490211F-D694-4B69-B262-7837C6C4B440}.Release|Any CPU.Build.0 = Release|Any CPU
	EndGlobalSection
	GlobalSection(SolutionProperties) = preSolution
		HideSolutionNode = FALSE
	EndGlobalSection
	GlobalSection(ExtensibilityGlobals) = postSolution
		SolutionGuid = {6D3BF7A0-4A81-496C-833C-36E744758326}
	EndGlobalSection
EndGlobal
