
Microsoft Visual Studio Solution File, Format Version 12.00
# Visual Studio Version 17
VisualStudioVersion = 17.6.33513.286
MinimumVisualStudioVersion = 10.0.40219.1
Project("{9A19103F-16F7-4668-BE54-9A1E7A4F7556}") = "Cosmos", "Cosmos.csproj", "{8A6FB373-0E93-4798-8211-1462CB640BD2}"
EndProject
Global
	GlobalSection(SolutionConfigurationPlatforms) = preSolution
		Debug|Any CPU = Debug|Any CPU
		Release|Any CPU = Release|Any CPU
	EndGlobalSection
	GlobalSection(ProjectConfigurationPlatforms) = postSolution
		{8A6FB373-0E93-4798-8211-1462CB640BD2}.Debug|Any CPU.ActiveCfg = Debug|Any CPU
		{8A6FB373-0E93-4798-8211-1462CB640BD2}.Debug|Any CPU.Build.0 = Debug|Any CPU
		{8A6FB373-0E93-4798-8211-1462CB640BD2}.Release|Any CPU.ActiveCfg = Release|Any CPU
		{8A6FB373-0E93-4798-8211-1462CB640BD2}.Release|Any CPU.Build.0 = Release|Any CPU
	EndGlobalSection
	GlobalSection(SolutionProperties) = preSolution
		HideSolutionNode = FALSE
	EndGlobalSection
	GlobalSection(ExtensibilityGlobals) = postSolution
		SolutionGuid = {ADB51225-5679-4935-92B0-BA53A0196176}
	EndGlobalSection
EndGlobal
