
Microsoft Visual Studio Solution File, Format Version 12.00
# Visual Studio Version 17
VisualStudioVersion = 17.4.32804.182
MinimumVisualStudioVersion = 10.0.40219.1
Project("{8BC9CEB8-8B4A-11D0-8D11-00A0C91BC942}") = "Stack", "Stack\Stack.vcxproj", "{D1B93874-6B16-4CB3-838A-7DF10F8C3EF7}"
EndProject
Project("{8BC9CEB8-8B4A-11D0-8D11-00A0C91BC942}") = "Array", "Array\Array.vcxproj", "{66007DF3-B76D-4177-BB07-12CA0AA83263}"
EndProject
Project("{8BC9CEB8-8B4A-11D0-8D11-00A0C91BC942}") = "Vector", "Vector\Vector.vcxproj", "{3A6E17A6-3F23-4DC0-8548-30D676B77262}"
EndProject
Project("{8BC9CEB8-8B4A-11D0-8D11-00A0C91BC942}") = "LinkedList", "LinkedList\LinkedList.vcxproj", "{6606F659-CAA8-41C0-A19E-38B47DFA10CC}"
EndProject
Project("{8BC9CEB8-8B4A-11D0-8D11-00A0C91BC942}") = "Tuple", "Tuple\Tuple.vcxproj", "{BE0A0594-9490-4C0C-AEED-B66D0259A7C8}"
EndProject
Project("{8BC9CEB8-8B4A-11D0-8D11-00A0C91BC942}") = "Queue", "Queue\Queue.vcxproj", "{08600E7B-C4B5-4DED-BD69-7CF3AF413345}"
EndProject
Project("{8BC9CEB8-8B4A-11D0-8D11-00A0C91BC942}") = "GenericList", "GenericList\GenericList.vcxproj", "{61FC296A-724B-452B-9007-EEEAB778CC7D}"
EndProject
Project("{8BC9CEB8-8B4A-11D0-8D11-00A0C91BC942}") = "QuickSort", "QuickSort\QuickSort.vcxproj", "{4882583F-49C2-48C7-BD44-A2B4A10F582A}"
EndProject
Project("{8BC9CEB8-8B4A-11D0-8D11-00A0C91BC942}") = "BinaryTree", "BinaryTree\BinaryTree.vcxproj", "{5F640BA2-A6A0-4403-AD1F-1591E2761F3E}"
EndProject
Project("{8BC9CEB8-8B4A-11D0-8D11-00A0C91BC942}") = "Map", "Map\Map.vcxproj", "{BA57D17E-2B2E-4249-A126-A31324E8902F}"
EndProject
Project("{8BC9CEB8-8B4A-11D0-8D11-00A0C91BC942}") = "TempData", "TempData\TempData.vcxproj", "{96E385E9-253F-4D3A-8452-485B3E8995BC}"
EndProject
Project("{8BC9CEB8-8B4A-11D0-8D11-00A0C91BC942}") = "Set", "Set\Set.vcxproj", "{BC7D8537-E33B-413B-82F1-FC42CD3F62B4}"
EndProject
Global
	GlobalSection(SolutionConfigurationPlatforms) = preSolution
		Debug|x64 = Debug|x64
		Debug|x86 = Debug|x86
		Release|x64 = Release|x64
		Release|x86 = Release|x86
	EndGlobalSection
	GlobalSection(ProjectConfigurationPlatforms) = postSolution
		{D1B93874-6B16-4CB3-838A-7DF10F8C3EF7}.Debug|x64.ActiveCfg = Debug|x64
		{D1B93874-6B16-4CB3-838A-7DF10F8C3EF7}.Debug|x64.Build.0 = Debug|x64
		{D1B93874-6B16-4CB3-838A-7DF10F8C3EF7}.Debug|x86.ActiveCfg = Debug|Win32
		{D1B93874-6B16-4CB3-838A-7DF10F8C3EF7}.Debug|x86.Build.0 = Debug|Win32
		{D1B93874-6B16-4CB3-838A-7DF10F8C3EF7}.Release|x64.ActiveCfg = Release|x64
		{D1B93874-6B16-4CB3-838A-7DF10F8C3EF7}.Release|x64.Build.0 = Release|x64
		{D1B93874-6B16-4CB3-838A-7DF10F8C3EF7}.Release|x86.ActiveCfg = Release|Win32
		{D1B93874-6B16-4CB3-838A-7DF10F8C3EF7}.Release|x86.Build.0 = Release|Win32
		{66007DF3-B76D-4177-BB07-12CA0AA83263}.Debug|x64.ActiveCfg = Debug|x64
		{66007DF3-B76D-4177-BB07-12CA0AA83263}.Debug|x64.Build.0 = Debug|x64
		{66007DF3-B76D-4177-BB07-12CA0AA83263}.Debug|x86.ActiveCfg = Debug|Win32
		{66007DF3-B76D-4177-BB07-12CA0AA83263}.Debug|x86.Build.0 = Debug|Win32
		{66007DF3-B76D-4177-BB07-12CA0AA83263}.Release|x64.ActiveCfg = Release|x64
		{66007DF3-B76D-4177-BB07-12CA0AA83263}.Release|x64.Build.0 = Release|x64
		{66007DF3-B76D-4177-BB07-12CA0AA83263}.Release|x86.ActiveCfg = Release|Win32
		{66007DF3-B76D-4177-BB07-12CA0AA83263}.Release|x86.Build.0 = Release|Win32
		{3A6E17A6-3F23-4DC0-8548-30D676B77262}.Debug|x64.ActiveCfg = Debug|x64
		{3A6E17A6-3F23-4DC0-8548-30D676B77262}.Debug|x64.Build.0 = Debug|x64
		{3A6E17A6-3F23-4DC0-8548-30D676B77262}.Debug|x86.ActiveCfg = Debug|Win32
		{3A6E17A6-3F23-4DC0-8548-30D676B77262}.Debug|x86.Build.0 = Debug|Win32
		{3A6E17A6-3F23-4DC0-8548-30D676B77262}.Release|x64.ActiveCfg = Release|x64
		{3A6E17A6-3F23-4DC0-8548-30D676B77262}.Release|x64.Build.0 = Release|x64
		{3A6E17A6-3F23-4DC0-8548-30D676B77262}.Release|x86.ActiveCfg = Release|Win32
		{3A6E17A6-3F23-4DC0-8548-30D676B77262}.Release|x86.Build.0 = Release|Win32
		{6606F659-CAA8-41C0-A19E-38B47DFA10CC}.Debug|x64.ActiveCfg = Debug|x64
		{6606F659-CAA8-41C0-A19E-38B47DFA10CC}.Debug|x64.Build.0 = Debug|x64
		{6606F659-CAA8-41C0-A19E-38B47DFA10CC}.Debug|x86.ActiveCfg = Debug|Win32
		{6606F659-CAA8-41C0-A19E-38B47DFA10CC}.Debug|x86.Build.0 = Debug|Win32
		{6606F659-CAA8-41C0-A19E-38B47DFA10CC}.Release|x64.ActiveCfg = Release|x64
		{6606F659-CAA8-41C0-A19E-38B47DFA10CC}.Release|x64.Build.0 = Release|x64
		{6606F659-CAA8-41C0-A19E-38B47DFA10CC}.Release|x86.ActiveCfg = Release|Win32
		{6606F659-CAA8-41C0-A19E-38B47DFA10CC}.Release|x86.Build.0 = Release|Win32
		{BE0A0594-9490-4C0C-AEED-B66D0259A7C8}.Debug|x64.ActiveCfg = Debug|x64
		{BE0A0594-9490-4C0C-AEED-B66D0259A7C8}.Debug|x64.Build.0 = Debug|x64
		{BE0A0594-9490-4C0C-AEED-B66D0259A7C8}.Debug|x86.ActiveCfg = Debug|Win32
		{BE0A0594-9490-4C0C-AEED-B66D0259A7C8}.Debug|x86.Build.0 = Debug|Win32
		{BE0A0594-9490-4C0C-AEED-B66D0259A7C8}.Release|x64.ActiveCfg = Release|x64
		{BE0A0594-9490-4C0C-AEED-B66D0259A7C8}.Release|x64.Build.0 = Release|x64
		{BE0A0594-9490-4C0C-AEED-B66D0259A7C8}.Release|x86.ActiveCfg = Release|Win32
		{BE0A0594-9490-4C0C-AEED-B66D0259A7C8}.Release|x86.Build.0 = Release|Win32
		{08600E7B-C4B5-4DED-BD69-7CF3AF413345}.Debug|x64.ActiveCfg = Debug|x64
		{08600E7B-C4B5-4DED-BD69-7CF3AF413345}.Debug|x64.Build.0 = Debug|x64
		{08600E7B-C4B5-4DED-BD69-7CF3AF413345}.Debug|x86.ActiveCfg = Debug|Win32
		{08600E7B-C4B5-4DED-BD69-7CF3AF413345}.Debug|x86.Build.0 = Debug|Win32
		{08600E7B-C4B5-4DED-BD69-7CF3AF413345}.Release|x64.ActiveCfg = Release|x64
		{08600E7B-C4B5-4DED-BD69-7CF3AF413345}.Release|x64.Build.0 = Release|x64
		{08600E7B-C4B5-4DED-BD69-7CF3AF413345}.Release|x86.ActiveCfg = Release|Win32
		{08600E7B-C4B5-4DED-BD69-7CF3AF413345}.Release|x86.Build.0 = Release|Win32
		{61FC296A-724B-452B-9007-EEEAB778CC7D}.Debug|x64.ActiveCfg = Debug|x64
		{61FC296A-724B-452B-9007-EEEAB778CC7D}.Debug|x64.Build.0 = Debug|x64
		{61FC296A-724B-452B-9007-EEEAB778CC7D}.Debug|x86.ActiveCfg = Debug|Win32
		{61FC296A-724B-452B-9007-EEEAB778CC7D}.Debug|x86.Build.0 = Debug|Win32
		{61FC296A-724B-452B-9007-EEEAB778CC7D}.Release|x64.ActiveCfg = Release|x64
		{61FC296A-724B-452B-9007-EEEAB778CC7D}.Release|x64.Build.0 = Release|x64
		{61FC296A-724B-452B-9007-EEEAB778CC7D}.Release|x86.ActiveCfg = Release|Win32
		{61FC296A-724B-452B-9007-EEEAB778CC7D}.Release|x86.Build.0 = Release|Win32
		{4882583F-49C2-48C7-BD44-A2B4A10F582A}.Debug|x64.ActiveCfg = Debug|x64
		{4882583F-49C2-48C7-BD44-A2B4A10F582A}.Debug|x64.Build.0 = Debug|x64
		{4882583F-49C2-48C7-BD44-A2B4A10F582A}.Debug|x86.ActiveCfg = Debug|Win32
		{4882583F-49C2-48C7-BD44-A2B4A10F582A}.Debug|x86.Build.0 = Debug|Win32
		{4882583F-49C2-48C7-BD44-A2B4A10F582A}.Release|x64.ActiveCfg = Release|x64
		{4882583F-49C2-48C7-BD44-A2B4A10F582A}.Release|x64.Build.0 = Release|x64
		{4882583F-49C2-48C7-BD44-A2B4A10F582A}.Release|x86.ActiveCfg = Release|Win32
		{4882583F-49C2-48C7-BD44-A2B4A10F582A}.Release|x86.Build.0 = Release|Win32
		{5F640BA2-A6A0-4403-AD1F-1591E2761F3E}.Debug|x64.ActiveCfg = Debug|x64
		{5F640BA2-A6A0-4403-AD1F-1591E2761F3E}.Debug|x64.Build.0 = Debug|x64
		{5F640BA2-A6A0-4403-AD1F-1591E2761F3E}.Debug|x86.ActiveCfg = Debug|Win32
		{5F640BA2-A6A0-4403-AD1F-1591E2761F3E}.Debug|x86.Build.0 = Debug|Win32
		{5F640BA2-A6A0-4403-AD1F-1591E2761F3E}.Release|x64.ActiveCfg = Release|x64
		{5F640BA2-A6A0-4403-AD1F-1591E2761F3E}.Release|x64.Build.0 = Release|x64
		{5F640BA2-A6A0-4403-AD1F-1591E2761F3E}.Release|x86.ActiveCfg = Release|Win32
		{5F640BA2-A6A0-4403-AD1F-1591E2761F3E}.Release|x86.Build.0 = Release|Win32
		{BA57D17E-2B2E-4249-A126-A31324E8902F}.Debug|x64.ActiveCfg = Debug|x64
		{BA57D17E-2B2E-4249-A126-A31324E8902F}.Debug|x64.Build.0 = Debug|x64
		{BA57D17E-2B2E-4249-A126-A31324E8902F}.Debug|x86.ActiveCfg = Debug|Win32
		{BA57D17E-2B2E-4249-A126-A31324E8902F}.Debug|x86.Build.0 = Debug|Win32
		{BA57D17E-2B2E-4249-A126-A31324E8902F}.Release|x64.ActiveCfg = Release|x64
		{BA57D17E-2B2E-4249-A126-A31324E8902F}.Release|x64.Build.0 = Release|x64
		{BA57D17E-2B2E-4249-A126-A31324E8902F}.Release|x86.ActiveCfg = Release|Win32
		{BA57D17E-2B2E-4249-A126-A31324E8902F}.Release|x86.Build.0 = Release|Win32
		{96E385E9-253F-4D3A-8452-485B3E8995BC}.Debug|x64.ActiveCfg = Debug|x64
		{96E385E9-253F-4D3A-8452-485B3E8995BC}.Debug|x64.Build.0 = Debug|x64
		{96E385E9-253F-4D3A-8452-485B3E8995BC}.Debug|x86.ActiveCfg = Debug|Win32
		{96E385E9-253F-4D3A-8452-485B3E8995BC}.Debug|x86.Build.0 = Debug|Win32
		{96E385E9-253F-4D3A-8452-485B3E8995BC}.Release|x64.ActiveCfg = Release|x64
		{96E385E9-253F-4D3A-8452-485B3E8995BC}.Release|x64.Build.0 = Release|x64
		{96E385E9-253F-4D3A-8452-485B3E8995BC}.Release|x86.ActiveCfg = Release|Win32
		{96E385E9-253F-4D3A-8452-485B3E8995BC}.Release|x86.Build.0 = Release|Win32
		{BC7D8537-E33B-413B-82F1-FC42CD3F62B4}.Debug|x64.ActiveCfg = Debug|x64
		{BC7D8537-E33B-413B-82F1-FC42CD3F62B4}.Debug|x64.Build.0 = Debug|x64
		{BC7D8537-E33B-413B-82F1-FC42CD3F62B4}.Debug|x86.ActiveCfg = Debug|Win32
		{BC7D8537-E33B-413B-82F1-FC42CD3F62B4}.Debug|x86.Build.0 = Debug|Win32
		{BC7D8537-E33B-413B-82F1-FC42CD3F62B4}.Release|x64.ActiveCfg = Release|x64
		{BC7D8537-E33B-413B-82F1-FC42CD3F62B4}.Release|x64.Build.0 = Release|x64
		{BC7D8537-E33B-413B-82F1-FC42CD3F62B4}.Release|x86.ActiveCfg = Release|Win32
		{BC7D8537-E33B-413B-82F1-FC42CD3F62B4}.Release|x86.Build.0 = Release|Win32
	EndGlobalSection
	GlobalSection(SolutionProperties) = preSolution
		HideSolutionNode = FALSE
	EndGlobalSection
	GlobalSection(ExtensibilityGlobals) = postSolution
		SolutionGuid = {A30E8377-E952-49C9-B9B0-BF0F24502313}
	EndGlobalSection
EndGlobal
