
Microsoft Visual Studio Solution File, Format Version 12.00
# Visual Studio Version 17
VisualStudioVersion = 17.4.33020.496
MinimumVisualStudioVersion = 10.0.40219.1
Project("{8BC9CEB8-8B4A-11D0-8D11-00A0C91BC942}") = "STL", "STL\STL.vcxproj", "{6734D945-F5AC-4D08-9937-E2AFCCB93821}"
EndProject
Global
	GlobalSection(SolutionConfigurationPlatforms) = preSolution
		Debug|x64 = Debug|x64
		Debug|x86 = Debug|x86
		Release|x64 = Release|x64
		Release|x86 = Release|x86
	EndGlobalSection
	GlobalSection(ProjectConfigurationPlatforms) = postSolution
		{6734D945-F5AC-4D08-9937-E2AFCCB93821}.Debug|x64.ActiveCfg = Debug|x64
		{6734D945-F5AC-4D08-9937-E2AFCCB93821}.Debug|x64.Build.0 = Debug|x64
		{6734D945-F5AC-4D08-9937-E2AFCCB93821}.Debug|x86.ActiveCfg = Debug|Win32
		{6734D945-F5AC-4D08-9937-E2AFCCB93821}.Debug|x86.Build.0 = Debug|Win32
		{6734D945-F5AC-4D08-9937-E2AFCCB93821}.Release|x64.ActiveCfg = Release|x64
		{6734D945-F5AC-4D08-9937-E2AFCCB93821}.Release|x64.Build.0 = Release|x64
		{6734D945-F5AC-4D08-9937-E2AFCCB93821}.Release|x86.ActiveCfg = Release|Win32
		{6734D945-F5AC-4D08-9937-E2AFCCB93821}.Release|x86.Build.0 = Release|Win32
	EndGlobalSection
	GlobalSection(SolutionProperties) = preSolution
		HideSolutionNode = FALSE
	EndGlobalSection
	GlobalSection(ExtensibilityGlobals) = postSolution
		SolutionGuid = {BCCE19E0-9A85-46C6-9F0A-37CA394B0C31}
	EndGlobalSection
EndGlobal
