
Microsoft Visual Studio Solution File, Format Version 12.00
Project("{FAE04EC0-301F-11D3-BF4B-00C04F79EFBC}") = "Synchronization", "Synchronization.csproj", "{DCFB46FE-B7D0-4E22-90E6-4CA98DC41B28}"
EndProject
Global
	GlobalSection(SolutionConfigurationPlatforms) = preSolution
		Debug|Any CPU = Debug|Any CPU
		Release|Any CPU = Release|Any CPU
	EndGlobalSection
	GlobalSection(ProjectConfigurationPlatforms) = postSolution
		{DCFB46FE-B7D0-4E22-90E6-4CA98DC41B28}.Debug|Any CPU.ActiveCfg = Debug|Any CPU
		{DCFB46FE-B7D0-4E22-90E6-4CA98DC41B28}.Debug|Any CPU.Build.0 = Debug|Any CPU
		{DCFB46FE-B7D0-4E22-90E6-4CA98DC41B28}.Release|Any CPU.ActiveCfg = Release|Any CPU
		{DCFB46FE-B7D0-4E22-90E6-4CA98DC41B28}.Release|Any CPU.Build.0 = Release|Any CPU
	EndGlobalSection
EndGlobal
